// !$*UTF8*$!
{
	archiveVersion = 1;
	classes = {
	};
	objectVersion = 56;
	objects = {

/* Begin PBXBuildFile section */
		B71FF1282D818FED000425C3 /* JeutaroApp.swift in Sources */ = {isa = PBXBuildFile; fileRef = B71FF1272D818FED000425C3 /* JeutaroApp.swift */; };
		B71FF12A2D818FED000425C3 /* ContentView.swift in Sources */ = {isa = PBXBuildFile; fileRef = B71FF1292D818FED000425C3 /* ContentView.swift */; };
		B71FF12C2D818FEF000425C3 /* Assets.xcassets in Resources */ = {isa = PBXBuildFile; fileRef = B71FF12B2D818FEF000425C3 /* Assets.xcassets */; };
		B71FF12F2D818FEF000425C3 /* Preview Assets.xcassets in Resources */ = {isa = PBXBuildFile; fileRef = B71FF12E2D818FEF000425C3 /* Preview Assets.xcassets */; };
		B71FF1392D818FEF000425C3 /* JeutaroTests.swift in Sources */ = {isa = PBXBuildFile; fileRef = B71FF1382D818FEF000425C3 /* JeutaroTests.swift */; };
		B71FF1432D818FEF000425C3 /* JeutaroUITests.swift in Sources */ = {isa = PBXBuildFile; fileRef = B71FF1422D818FEF000425C3 /* JeutaroUITests.swift */; };
		B71FF1452D818FEF000425C3 /* JeutaroUITestsLaunchTests.swift in Sources */ = {isa = PBXBuildFile; fileRef = B71FF1442D818FEF000425C3 /* JeutaroUITestsLaunchTests.swift */; };
		B71FF1552D81A37D000425C3 /* NavigationSelectionView.swift in Sources */ = {isa = PBXBuildFile; fileRef = B71FF1542D81A37D000425C3 /* NavigationSelectionView.swift */; };
		B71FF1572D81A57F000425C3 /* ConnexionView.swift in Sources */ = {isa = PBXBuildFile; fileRef = B71FF1562D81A57F000425C3 /* ConnexionView.swift */; };
		B71FF1592D81A5A7000425C3 /* CatalogueView.swift in Sources */ = {isa = PBXBuildFile; fileRef = B71FF1582D81A5A7000425C3 /* CatalogueView.swift */; };
		B71FF15A2D81A5A7000425C3 /* CatalogueView.swift in Sources */ = {isa = PBXBuildFile; fileRef = B71FF1582D81A5A7000425C3 /* CatalogueView.swift */; };
		B71FF15B2D81A5A7000425C3 /* CatalogueView.swift in Sources */ = {isa = PBXBuildFile; fileRef = B71FF1582D81A5A7000425C3 /* CatalogueView.swift */; };
		B71FF15D2D81A5BC000425C3 /* SessionView.swift in Sources */ = {isa = PBXBuildFile; fileRef = B71FF15C2D81A5BC000425C3 /* SessionView.swift */; };
		B71FF15E2D81A5BC000425C3 /* SessionView.swift in Sources */ = {isa = PBXBuildFile; fileRef = B71FF15C2D81A5BC000425C3 /* SessionView.swift */; };
		B71FF15F2D81A5BC000425C3 /* SessionView.swift in Sources */ = {isa = PBXBuildFile; fileRef = B71FF15C2D81A5BC000425C3 /* SessionView.swift */; };
		B71FF1612D81A90A000425C3 /* routeur.swift in Sources */ = {isa = PBXBuildFile; fileRef = B71FF1602D81A909000425C3 /* routeur.swift */; };
		B71FF1622D81A90A000425C3 /* routeur.swift in Sources */ = {isa = PBXBuildFile; fileRef = B71FF1602D81A909000425C3 /* routeur.swift */; };
		B71FF1632D81A90A000425C3 /* routeur.swift in Sources */ = {isa = PBXBuildFile; fileRef = B71FF1602D81A909000425C3 /* routeur.swift */; };
		B71FF1652D82DC30000425C3 /* NavigationSelectionView.swift in Sources */ = {isa = PBXBuildFile; fileRef = B71FF1542D81A37D000425C3 /* NavigationSelectionView.swift */; };
		B71FF1662D82DC30000425C3 /* NavigationSelectionView.swift in Sources */ = {isa = PBXBuildFile; fileRef = B71FF1542D81A37D000425C3 /* NavigationSelectionView.swift */; };
		B71FF16A2D82E2CB000425C3 /* NavigationView.swift in Sources */ = {isa = PBXBuildFile; fileRef = B71FF1692D82E2CB000425C3 /* NavigationView.swift */; };
		B71FF16D2D82E822000425C3 /* DefineColor.swift in Sources */ = {isa = PBXBuildFile; fileRef = B71FF16C2D82E822000425C3 /* DefineColor.swift */; };
		B71FF16F2D8431FA000425C3 /* ButtonNavigation.swift in Sources */ = {isa = PBXBuildFile; fileRef = B71FF16E2D8431FA000425C3 /* ButtonNavigation.swift */; };
/* End PBXBuildFile section */

/* Begin PBXContainerItemProxy section */
		B71FF1352D818FEF000425C3 /* PBXContainerItemProxy */ = {
			isa = PBXContainerItemProxy;
			containerPortal = B71FF11C2D818FED000425C3 /* Project object */;
			proxyType = 1;
			remoteGlobalIDString = B71FF1232D818FED000425C3;
			remoteInfo = Jeutaro;
		};
		B71FF13F2D818FEF000425C3 /* PBXContainerItemProxy */ = {
			isa = PBXContainerItemProxy;
			containerPortal = B71FF11C2D818FED000425C3 /* Project object */;
			proxyType = 1;
			remoteGlobalIDString = B71FF1232D818FED000425C3;
			remoteInfo = Jeutaro;
		};
/* End PBXContainerItemProxy section */

/* Begin PBXFileReference section */
		B71FF1242D818FED000425C3 /* Jeutaro.app */ = {isa = PBXFileReference; explicitFileType = wrapper.application; includeInIndex = 0; path = Jeutaro.app; sourceTree = BUILT_PRODUCTS_DIR; };
		B71FF1272D818FED000425C3 /* JeutaroApp.swift */ = {isa = PBXFileReference; lastKnownFileType = sourcecode.swift; path = JeutaroApp.swift; sourceTree = "<group>"; };
		B71FF1292D818FED000425C3 /* ContentView.swift */ = {isa = PBXFileReference; lastKnownFileType = sourcecode.swift; path = ContentView.swift; sourceTree = "<group>"; };
		B71FF12B2D818FEF000425C3 /* Assets.xcassets */ = {isa = PBXFileReference; lastKnownFileType = folder.assetcatalog; path = Assets.xcassets; sourceTree = "<group>"; };
		B71FF12E2D818FEF000425C3 /* Preview Assets.xcassets */ = {isa = PBXFileReference; lastKnownFileType = folder.assetcatalog; path = "Preview Assets.xcassets"; sourceTree = "<group>"; };
		B71FF1342D818FEF000425C3 /* JeutaroTests.xctest */ = {isa = PBXFileReference; explicitFileType = wrapper.cfbundle; includeInIndex = 0; path = JeutaroTests.xctest; sourceTree = BUILT_PRODUCTS_DIR; };
		B71FF1382D818FEF000425C3 /* JeutaroTests.swift */ = {isa = PBXFileReference; lastKnownFileType = sourcecode.swift; path = JeutaroTests.swift; sourceTree = "<group>"; };
		B71FF13E2D818FEF000425C3 /* JeutaroUITests.xctest */ = {isa = PBXFileReference; explicitFileType = wrapper.cfbundle; includeInIndex = 0; path = JeutaroUITests.xctest; sourceTree = BUILT_PRODUCTS_DIR; };
		B71FF1422D818FEF000425C3 /* JeutaroUITests.swift */ = {isa = PBXFileReference; lastKnownFileType = sourcecode.swift; path = JeutaroUITests.swift; sourceTree = "<group>"; };
		B71FF1442D818FEF000425C3 /* JeutaroUITestsLaunchTests.swift */ = {isa = PBXFileReference; lastKnownFileType = sourcecode.swift; path = JeutaroUITestsLaunchTests.swift; sourceTree = "<group>"; };
		B71FF1542D81A37D000425C3 /* NavigationSelectionView.swift */ = {isa = PBXFileReference; lastKnownFileType = sourcecode.swift; path = NavigationSelectionView.swift; sourceTree = "<group>"; };
		B71FF1562D81A57F000425C3 /* ConnexionView.swift */ = {isa = PBXFileReference; lastKnownFileType = sourcecode.swift; path = ConnexionView.swift; sourceTree = "<group>"; };
		B71FF1582D81A5A7000425C3 /* CatalogueView.swift */ = {isa = PBXFileReference; lastKnownFileType = sourcecode.swift; path = CatalogueView.swift; sourceTree = "<group>"; };
		B71FF15C2D81A5BC000425C3 /* SessionView.swift */ = {isa = PBXFileReference; lastKnownFileType = sourcecode.swift; path = SessionView.swift; sourceTree = "<group>"; };
		B71FF1602D81A909000425C3 /* routeur.swift */ = {isa = PBXFileReference; lastKnownFileType = sourcecode.swift; path = routeur.swift; sourceTree = "<group>"; };
		B71FF1692D82E2CB000425C3 /* NavigationView.swift */ = {isa = PBXFileReference; lastKnownFileType = sourcecode.swift; path = NavigationView.swift; sourceTree = "<group>"; };
		B71FF16C2D82E822000425C3 /* DefineColor.swift */ = {isa = PBXFileReference; lastKnownFileType = sourcecode.swift; path = DefineColor.swift; sourceTree = "<group>"; };
		B71FF16E2D8431FA000425C3 /* ButtonNavigation.swift */ = {isa = PBXFileReference; lastKnownFileType = sourcecode.swift; path = ButtonNavigation.swift; sourceTree = "<group>"; };
/* End PBXFileReference section */

/* Begin PBXFrameworksBuildPhase section */
		B71FF1212D818FED000425C3 /* Frameworks */ = {
			isa = PBXFrameworksBuildPhase;
			buildActionMask = 2147483647;
			files = (
			);
			runOnlyForDeploymentPostprocessing = 0;
		};
		B71FF1312D818FEF000425C3 /* Frameworks */ = {
			isa = PBXFrameworksBuildPhase;
			buildActionMask = 2147483647;
			files = (
			);
			runOnlyForDeploymentPostprocessing = 0;
		};
		B71FF13B2D818FEF000425C3 /* Frameworks */ = {
			isa = PBXFrameworksBuildPhase;
			buildActionMask = 2147483647;
			files = (
			);
			runOnlyForDeploymentPostprocessing = 0;
		};
/* End PBXFrameworksBuildPhase section */

/* Begin PBXGroup section */
		B71FF11B2D818FED000425C3 = {
			isa = PBXGroup;
			children = (
				B71FF1262D818FED000425C3 /* Jeutaro */,
				B71FF1372D818FEF000425C3 /* JeutaroTests */,
				B71FF1412D818FEF000425C3 /* JeutaroUITests */,
				B71FF1252D818FED000425C3 /* Products */,
			);
			sourceTree = "<group>";
		};
		B71FF1252D818FED000425C3 /* Products */ = {
			isa = PBXGroup;
			children = (
				B71FF1242D818FED000425C3 /* Jeutaro.app */,
				B71FF1342D818FEF000425C3 /* JeutaroTests.xctest */,
				B71FF13E2D818FEF000425C3 /* JeutaroUITests.xctest */,
			);
			name = Products;
			sourceTree = "<group>";
		};
		B71FF1262D818FED000425C3 /* Jeutaro */ = {
			isa = PBXGroup;
			children = (
				B71FF1702D882C43000425C3 /* Service */,
				B71FF16B2D82E80D000425C3 /* style */,
				B71FF1532D81A32D000425C3 /* Model */,
				B71FF1522D81A31F000425C3 /* ViewModel */,
				B71FF1512D81A311000425C3 /* View */,
				B71FF1272D818FED000425C3 /* JeutaroApp.swift */,
				B71FF1292D818FED000425C3 /* ContentView.swift */,
				B71FF12B2D818FEF000425C3 /* Assets.xcassets */,
				B71FF12D2D818FEF000425C3 /* Preview Content */,
			);
			path = Jeutaro;
			sourceTree = "<group>";
		};
		B71FF12D2D818FEF000425C3 /* Preview Content */ = {
			isa = PBXGroup;
			children = (
				B71FF12E2D818FEF000425C3 /* Preview Assets.xcassets */,
			);
			path = "Preview Content";
			sourceTree = "<group>";
		};
		B71FF1372D818FEF000425C3 /* JeutaroTests */ = {
			isa = PBXGroup;
			children = (
				B71FF1382D818FEF000425C3 /* JeutaroTests.swift */,
			);
			path = JeutaroTests;
			sourceTree = "<group>";
		};
		B71FF1412D818FEF000425C3 /* JeutaroUITests */ = {
			isa = PBXGroup;
			children = (
				B71FF1422D818FEF000425C3 /* JeutaroUITests.swift */,
				B71FF1442D818FEF000425C3 /* JeutaroUITestsLaunchTests.swift */,
			);
			path = JeutaroUITests;
			sourceTree = "<group>";
		};
		B71FF1512D81A311000425C3 /* View */ = {
			isa = PBXGroup;
			children = (
				B71FF1642D82DBFD000425C3 /* Navigation */,
				B71FF1562D81A57F000425C3 /* ConnexionView.swift */,
				B71FF1582D81A5A7000425C3 /* CatalogueView.swift */,
				B71FF15C2D81A5BC000425C3 /* SessionView.swift */,
			);
			path = View;
			sourceTree = "<group>";
		};
		B71FF1522D81A31F000425C3 /* ViewModel */ = {
			isa = PBXGroup;
			children = (
			);
			path = ViewModel;
			sourceTree = "<group>";
		};
		B71FF1532D81A32D000425C3 /* Model */ = {
			isa = PBXGroup;
			children = (
			);
			path = Model;
			sourceTree = "<group>";
		};
		B71FF1642D82DBFD000425C3 /* Navigation */ = {
			isa = PBXGroup;
			children = (
				B71FF1542D81A37D000425C3 /* NavigationSelectionView.swift */,
				B71FF1602D81A909000425C3 /* routeur.swift */,
				B71FF1692D82E2CB000425C3 /* NavigationView.swift */,
				B71FF16E2D8431FA000425C3 /* ButtonNavigation.swift */,
			);
			path = Navigation;
			sourceTree = "<group>";
		};
		B71FF16B2D82E80D000425C3 /* style */ = {
			isa = PBXGroup;
			children = (
				B71FF16C2D82E822000425C3 /* DefineColor.swift */,
			);
			path = style;
			sourceTree = "<group>";
		};
		B71FF1702D882C43000425C3 /* Service */ = {
			isa = PBXGroup;
			children = (
			);
			path = Service;
			sourceTree = "<group>";
		};
/* End PBXGroup section */

/* Begin PBXNativeTarget section */
		B71FF1232D818FED000425C3 /* Jeutaro */ = {
			isa = PBXNativeTarget;
			buildConfigurationList = B71FF1482D818FEF000425C3 /* Build configuration list for PBXNativeTarget "Jeutaro" */;
			buildPhases = (
				B71FF1202D818FED000425C3 /* Sources */,
				B71FF1212D818FED000425C3 /* Frameworks */,
				B71FF1222D818FED000425C3 /* Resources */,
			);
			buildRules = (
			);
			dependencies = (
			);
			name = Jeutaro;
			productName = Jeutaro;
			productReference = B71FF1242D818FED000425C3 /* Jeutaro.app */;
			productType = "com.apple.product-type.application";
		};
		B71FF1332D818FEF000425C3 /* JeutaroTests */ = {
			isa = PBXNativeTarget;
			buildConfigurationList = B71FF14B2D818FEF000425C3 /* Build configuration list for PBXNativeTarget "JeutaroTests" */;
			buildPhases = (
				B71FF1302D818FEF000425C3 /* Sources */,
				B71FF1312D818FEF000425C3 /* Frameworks */,
				B71FF1322D818FEF000425C3 /* Resources */,
			);
			buildRules = (
			);
			dependencies = (
				B71FF1362D818FEF000425C3 /* PBXTargetDependency */,
			);
			name = JeutaroTests;
			productName = JeutaroTests;
			productReference = B71FF1342D818FEF000425C3 /* JeutaroTests.xctest */;
			productType = "com.apple.product-type.bundle.unit-test";
		};
		B71FF13D2D818FEF000425C3 /* JeutaroUITests */ = {
			isa = PBXNativeTarget;
			buildConfigurationList = B71FF14E2D818FEF000425C3 /* Build configuration list for PBXNativeTarget "JeutaroUITests" */;
			buildPhases = (
				B71FF13A2D818FEF000425C3 /* Sources */,
				B71FF13B2D818FEF000425C3 /* Frameworks */,
				B71FF13C2D818FEF000425C3 /* Resources */,
			);
			buildRules = (
			);
			dependencies = (
				B71FF1402D818FEF000425C3 /* PBXTargetDependency */,
			);
			name = JeutaroUITests;
			productName = JeutaroUITests;
			productReference = B71FF13E2D818FEF000425C3 /* JeutaroUITests.xctest */;
			productType = "com.apple.product-type.bundle.ui-testing";
		};
/* End PBXNativeTarget section */

/* Begin PBXProject section */
		B71FF11C2D818FED000425C3 /* Project object */ = {
			isa = PBXProject;
			attributes = {
				BuildIndependentTargetsInParallel = 1;
				LastSwiftUpdateCheck = 1420;
				LastUpgradeCheck = 1420;
				TargetAttributes = {
					B71FF1232D818FED000425C3 = {
						CreatedOnToolsVersion = 14.2;
					};
					B71FF1332D818FEF000425C3 = {
						CreatedOnToolsVersion = 14.2;
						TestTargetID = B71FF1232D818FED000425C3;
					};
					B71FF13D2D818FEF000425C3 = {
						CreatedOnToolsVersion = 14.2;
						TestTargetID = B71FF1232D818FED000425C3;
					};
				};
			};
			buildConfigurationList = B71FF11F2D818FED000425C3 /* Build configuration list for PBXProject "Jeutaro" */;
			compatibilityVersion = "Xcode 14.0";
			developmentRegion = en;
			hasScannedForEncodings = 0;
			knownRegions = (
				en,
				Base,
			);
			mainGroup = B71FF11B2D818FED000425C3;
			productRefGroup = B71FF1252D818FED000425C3 /* Products */;
			projectDirPath = "";
			projectRoot = "";
			targets = (
				B71FF1232D818FED000425C3 /* Jeutaro */,
				B71FF1332D818FEF000425C3 /* JeutaroTests */,
				B71FF13D2D818FEF000425C3 /* JeutaroUITests */,
			);
		};
/* End PBXProject section */

/* Begin PBXResourcesBuildPhase section */
		B71FF1222D818FED000425C3 /* Resources */ = {
			isa = PBXResourcesBuildPhase;
			buildActionMask = 2147483647;
			files = (
				B71FF12F2D818FEF000425C3 /* Preview Assets.xcassets in Resources */,
				B71FF12C2D818FEF000425C3 /* Assets.xcassets in Resources */,
			);
			runOnlyForDeploymentPostprocessing = 0;
		};
		B71FF1322D818FEF000425C3 /* Resources */ = {
			isa = PBXResourcesBuildPhase;
			buildActionMask = 2147483647;
			files = (
			);
			runOnlyForDeploymentPostprocessing = 0;
		};
		B71FF13C2D818FEF000425C3 /* Resources */ = {
			isa = PBXResourcesBuildPhase;
			buildActionMask = 2147483647;
			files = (
			);
			runOnlyForDeploymentPostprocessing = 0;
		};
/* End PBXResourcesBuildPhase section */

/* Begin PBXSourcesBuildPhase section */
		B71FF1202D818FED000425C3 /* Sources */ = {
			isa = PBXSourcesBuildPhase;
			buildActionMask = 2147483647;
			files = (
				B71FF12A2D818FED000425C3 /* ContentView.swift in Sources */,
				B71FF1612D81A90A000425C3 /* routeur.swift in Sources */,
				B71FF16A2D82E2CB000425C3 /* NavigationView.swift in Sources */,
				B71FF16F2D8431FA000425C3 /* ButtonNavigation.swift in Sources */,
				B71FF15D2D81A5BC000425C3 /* SessionView.swift in Sources */,
				B71FF1552D81A37D000425C3 /* NavigationSelectionView.swift in Sources */,
				B71FF1592D81A5A7000425C3 /* CatalogueView.swift in Sources */,
				B71FF1282D818FED000425C3 /* JeutaroApp.swift in Sources */,
				B71FF1572D81A57F000425C3 /* ConnexionView.swift in Sources */,
				B71FF16D2D82E822000425C3 /* DefineColor.swift in Sources */,
			);
			runOnlyForDeploymentPostprocessing = 0;
		};
		B71FF1302D818FEF000425C3 /* Sources */ = {
			isa = PBXSourcesBuildPhase;
			buildActionMask = 2147483647;
			files = (
				B71FF15A2D81A5A7000425C3 /* CatalogueView.swift in Sources */,
				B71FF1622D81A90A000425C3 /* routeur.swift in Sources */,
				B71FF1662D82DC30000425C3 /* NavigationSelectionView.swift in Sources */,
				B71FF15E2D81A5BC000425C3 /* SessionView.swift in Sources */,
				B71FF1392D818FEF000425C3 /* JeutaroTests.swift in Sources */,
			);
			runOnlyForDeploymentPostprocessing = 0;
		};
		B71FF13A2D818FEF000425C3 /* Sources */ = {
			isa = PBXSourcesBuildPhase;
			buildActionMask = 2147483647;
			files = (
				B71FF1432D818FEF000425C3 /* JeutaroUITests.swift in Sources */,
				B71FF1452D818FEF000425C3 /* JeutaroUITestsLaunchTests.swift in Sources */,
				B71FF1632D81A90A000425C3 /* routeur.swift in Sources */,
				B71FF15B2D81A5A7000425C3 /* CatalogueView.swift in Sources */,
				B71FF1652D82DC30000425C3 /* NavigationSelectionView.swift in Sources */,
				B71FF15F2D81A5BC000425C3 /* SessionView.swift in Sources */,
			);
			runOnlyForDeploymentPostprocessing = 0;
		};
/* End PBXSourcesBuildPhase section */

/* Begin PBXTargetDependency section */
		B71FF1362D818FEF000425C3 /* PBXTargetDependency */ = {
			isa = PBXTargetDependency;
			target = B71FF1232D818FED000425C3 /* Jeutaro */;
			targetProxy = B71FF1352D818FEF000425C3 /* PBXContainerItemProxy */;
		};
		B71FF1402D818FEF000425C3 /* PBXTargetDependency */ = {
			isa = PBXTargetDependency;
			target = B71FF1232D818FED000425C3 /* Jeutaro */;
			targetProxy = B71FF13F2D818FEF000425C3 /* PBXContainerItemProxy */;
		};
/* End PBXTargetDependency section */

/* Begin XCBuildConfiguration section */
		B71FF1462D818FEF000425C3 /* Debug */ = {
			isa = XCBuildConfiguration;
			buildSettings = {
				ALWAYS_SEARCH_USER_PATHS = NO;
				CLANG_ANALYZER_NONNULL = YES;
				CLANG_ANALYZER_NUMBER_OBJECT_CONVERSION = YES_AGGRESSIVE;
				CLANG_CXX_LANGUAGE_STANDARD = "gnu++20";
				CLANG_ENABLE_MODULES = YES;
				CLANG_ENABLE_OBJC_ARC = YES;
				CLANG_ENABLE_OBJC_WEAK = YES;
				CLANG_WARN_BLOCK_CAPTURE_AUTORELEASING = YES;
				CLANG_WARN_BOOL_CONVERSION = YES;
				CLANG_WARN_COMMA = YES;
				CLANG_WARN_CONSTANT_CONVERSION = YES;
				CLANG_WARN_DEPRECATED_OBJC_IMPLEMENTATIONS = YES;
				CLANG_WARN_DIRECT_OBJC_ISA_USAGE = YES_ERROR;
				CLANG_WARN_DOCUMENTATION_COMMENTS = YES;
				CLANG_WARN_EMPTY_BODY = YES;
				CLANG_WARN_ENUM_CONVERSION = YES;
				CLANG_WARN_INFINITE_RECURSION = YES;
				CLANG_WARN_INT_CONVERSION = YES;
				CLANG_WARN_NON_LITERAL_NULL_CONVERSION = YES;
				CLANG_WARN_OBJC_IMPLICIT_RETAIN_SELF = YES;
				CLANG_WARN_OBJC_LITERAL_CONVERSION = YES;
				CLANG_WARN_OBJC_ROOT_CLASS = YES_ERROR;
				CLANG_WARN_QUOTED_INCLUDE_IN_FRAMEWORK_HEADER = YES;
				CLANG_WARN_RANGE_LOOP_ANALYSIS = YES;
				CLANG_WARN_STRICT_PROTOTYPES = YES;
				CLANG_WARN_SUSPICIOUS_MOVE = YES;
				CLANG_WARN_UNGUARDED_AVAILABILITY = YES_AGGRESSIVE;
				CLANG_WARN_UNREACHABLE_CODE = YES;
				CLANG_WARN__DUPLICATE_METHOD_MATCH = YES;
				COPY_PHASE_STRIP = NO;
				DEBUG_INFORMATION_FORMAT = dwarf;
				ENABLE_STRICT_OBJC_MSGSEND = YES;
				ENABLE_TESTABILITY = YES;
				GCC_C_LANGUAGE_STANDARD = gnu11;
				GCC_DYNAMIC_NO_PIC = NO;
				GCC_NO_COMMON_BLOCKS = YES;
				GCC_OPTIMIZATION_LEVEL = 0;
				GCC_PREPROCESSOR_DEFINITIONS = (
					"DEBUG=1",
					"$(inherited)",
				);
				GCC_WARN_64_TO_32_BIT_CONVERSION = YES;
				GCC_WARN_ABOUT_RETURN_TYPE = YES_ERROR;
				GCC_WARN_UNDECLARED_SELECTOR = YES;
				GCC_WARN_UNINITIALIZED_AUTOS = YES_AGGRESSIVE;
				GCC_WARN_UNUSED_FUNCTION = YES;
				GCC_WARN_UNUSED_VARIABLE = YES;
				IPHONEOS_DEPLOYMENT_TARGET = 16.2;
				MTL_ENABLE_DEBUG_INFO = INCLUDE_SOURCE;
				MTL_FAST_MATH = YES;
				ONLY_ACTIVE_ARCH = YES;
				SDKROOT = iphoneos;
				SWIFT_ACTIVE_COMPILATION_CONDITIONS = DEBUG;
				SWIFT_OPTIMIZATION_LEVEL = "-Onone";
			};
			name = Debug;
		};
		B71FF1472D818FEF000425C3 /* Release */ = {
			isa = XCBuildConfiguration;
			buildSettings = {
				ALWAYS_SEARCH_USER_PATHS = NO;
				CLANG_ANALYZER_NONNULL = YES;
				CLANG_ANALYZER_NUMBER_OBJECT_CONVERSION = YES_AGGRESSIVE;
				CLANG_CXX_LANGUAGE_STANDARD = "gnu++20";
				CLANG_ENABLE_MODULES = YES;
				CLANG_ENABLE_OBJC_ARC = YES;
				CLANG_ENABLE_OBJC_WEAK = YES;
				CLANG_WARN_BLOCK_CAPTURE_AUTORELEASING = YES;
				CLANG_WARN_BOOL_CONVERSION = YES;
				CLANG_WARN_COMMA = YES;
				CLANG_WARN_CONSTANT_CONVERSION = YES;
				CLANG_WARN_DEPRECATED_OBJC_IMPLEMENTATIONS = YES;
				CLANG_WARN_DIRECT_OBJC_ISA_USAGE = YES_ERROR;
				CLANG_WARN_DOCUMENTATION_COMMENTS = YES;
				CLANG_WARN_EMPTY_BODY = YES;
				CLANG_WARN_ENUM_CONVERSION = YES;
				CLANG_WARN_INFINITE_RECURSION = YES;
				CLANG_WARN_INT_CONVERSION = YES;
				CLANG_WARN_NON_LITERAL_NULL_CONVERSION = YES;
				CLANG_WARN_OBJC_IMPLICIT_RETAIN_SELF = YES;
				CLANG_WARN_OBJC_LITERAL_CONVERSION = YES;
				CLANG_WARN_OBJC_ROOT_CLASS = YES_ERROR;
				CLANG_WARN_QUOTED_INCLUDE_IN_FRAMEWORK_HEADER = YES;
				CLANG_WARN_RANGE_LOOP_ANALYSIS = YES;
				CLANG_WARN_STRICT_PROTOTYPES = YES;
				CLANG_WARN_SUSPICIOUS_MOVE = YES;
				CLANG_WARN_UNGUARDED_AVAILABILITY = YES_AGGRESSIVE;
				CLANG_WARN_UNREACHABLE_CODE = YES;
				CLANG_WARN__DUPLICATE_METHOD_MATCH = YES;
				COPY_PHASE_STRIP = NO;
				DEBUG_INFORMATION_FORMAT = "dwarf-with-dsym";
				ENABLE_NS_ASSERTIONS = NO;
				ENABLE_STRICT_OBJC_MSGSEND = YES;
				GCC_C_LANGUAGE_STANDARD = gnu11;
				GCC_NO_COMMON_BLOCKS = YES;
				GCC_WARN_64_TO_32_BIT_CONVERSION = YES;
				GCC_WARN_ABOUT_RETURN_TYPE = YES_ERROR;
				GCC_WARN_UNDECLARED_SELECTOR = YES;
				GCC_WARN_UNINITIALIZED_AUTOS = YES_AGGRESSIVE;
				GCC_WARN_UNUSED_FUNCTION = YES;
				GCC_WARN_UNUSED_VARIABLE = YES;
				IPHONEOS_DEPLOYMENT_TARGET = 16.2;
				MTL_ENABLE_DEBUG_INFO = NO;
				MTL_FAST_MATH = YES;
				SDKROOT = iphoneos;
				SWIFT_COMPILATION_MODE = wholemodule;
				SWIFT_OPTIMIZATION_LEVEL = "-O";
				VALIDATE_PRODUCT = YES;
			};
			name = Release;
		};
		B71FF1492D818FEF000425C3 /* Debug */ = {
			isa = XCBuildConfiguration;
			buildSettings = {
				ASSETCATALOG_COMPILER_APPICON_NAME = AppIcon;
				ASSETCATALOG_COMPILER_GLOBAL_ACCENT_COLOR_NAME = AccentColor;
				CODE_SIGN_STYLE = Automatic;
				CURRENT_PROJECT_VERSION = 1;
				DEVELOPMENT_ASSET_PATHS = "\"Jeutaro/Preview Content\"";
				ENABLE_PREVIEWS = YES;
				GENERATE_INFOPLIST_FILE = YES;
				INFOPLIST_KEY_UIApplicationSceneManifest_Generation = YES;
				INFOPLIST_KEY_UIApplicationSupportsIndirectInputEvents = YES;
				INFOPLIST_KEY_UILaunchScreen_Generation = YES;
				INFOPLIST_KEY_UISupportedInterfaceOrientations_iPad = "UIInterfaceOrientationPortrait UIInterfaceOrientationPortraitUpsideDown UIInterfaceOrientationLandscapeLeft UIInterfaceOrientationLandscapeRight";
				INFOPLIST_KEY_UISupportedInterfaceOrientations_iPhone = "UIInterfaceOrientationPortrait UIInterfaceOrientationLandscapeLeft UIInterfaceOrientationLandscapeRight";
				LD_RUNPATH_SEARCH_PATHS = (
					"$(inherited)",
					"@executable_path/Frameworks",
				);
				MARKETING_VERSION = 1.0;
				PRODUCT_BUNDLE_IDENTIFIER = example.Jeutaro;
				PRODUCT_NAME = "$(TARGET_NAME)";
				SWIFT_EMIT_LOC_STRINGS = YES;
				SWIFT_VERSION = 5.0;
				TARGETED_DEVICE_FAMILY = "1,2";
			};
			name = Debug;
		};
		B71FF14A2D818FEF000425C3 /* Release */ = {
			isa = XCBuildConfiguration;
			buildSettings = {
				ASSETCATALOG_COMPILER_APPICON_NAME = AppIcon;
				ASSETCATALOG_COMPILER_GLOBAL_ACCENT_COLOR_NAME = AccentColor;
				CODE_SIGN_STYLE = Automatic;
				CURRENT_PROJECT_VERSION = 1;
				DEVELOPMENT_ASSET_PATHS = "\"Jeutaro/Preview Content\"";
				ENABLE_PREVIEWS = YES;
				GENERATE_INFOPLIST_FILE = YES;
				INFOPLIST_KEY_UIApplicationSceneManifest_Generation = YES;
				INFOPLIST_KEY_UIApplicationSupportsIndirectInputEvents = YES;
				INFOPLIST_KEY_UILaunchScreen_Generation = YES;
				INFOPLIST_KEY_UISupportedInterfaceOrientations_iPad = "UIInterfaceOrientationPortrait UIInterfaceOrientationPortraitUpsideDown UIInterfaceOrientationLandscapeLeft UIInterfaceOrientationLandscapeRight";
				INFOPLIST_KEY_UISupportedInterfaceOrientations_iPhone = "UIInterfaceOrientationPortrait UIInterfaceOrientationLandscapeLeft UIInterfaceOrientationLandscapeRight";
				LD_RUNPATH_SEARCH_PATHS = (
					"$(inherited)",
					"@executable_path/Frameworks",
				);
				MARKETING_VERSION = 1.0;
				PRODUCT_BUNDLE_IDENTIFIER = example.Jeutaro;
				PRODUCT_NAME = "$(TARGET_NAME)";
				SWIFT_EMIT_LOC_STRINGS = YES;
				SWIFT_VERSION = 5.0;
				TARGETED_DEVICE_FAMILY = "1,2";
			};
			name = Release;
		};
		B71FF14C2D818FEF000425C3 /* Debug */ = {
			isa = XCBuildConfiguration;
			buildSettings = {
				ALWAYS_EMBED_SWIFT_STANDARD_LIBRARIES = YES;
				BUNDLE_LOADER = "$(TEST_HOST)";
				CODE_SIGN_STYLE = Automatic;
				CURRENT_PROJECT_VERSION = 1;
				GENERATE_INFOPLIST_FILE = YES;
				IPHONEOS_DEPLOYMENT_TARGET = 16.2;
				MARKETING_VERSION = 1.0;
				PRODUCT_BUNDLE_IDENTIFIER = example.JeutaroTests;
				PRODUCT_NAME = "$(TARGET_NAME)";
				SWIFT_EMIT_LOC_STRINGS = NO;
				SWIFT_VERSION = 5.0;
				TARGETED_DEVICE_FAMILY = "1,2";
				TEST_HOST = "$(BUILT_PRODUCTS_DIR)/Jeutaro.app/$(BUNDLE_EXECUTABLE_FOLDER_PATH)/Jeutaro";
			};
			name = Debug;
		};
		B71FF14D2D818FEF000425C3 /* Release */ = {
			isa = XCBuildConfiguration;
			buildSettings = {
				ALWAYS_EMBED_SWIFT_STANDARD_LIBRARIES = YES;
				BUNDLE_LOADER = "$(TEST_HOST)";
				CODE_SIGN_STYLE = Automatic;
				CURRENT_PROJECT_VERSION = 1;
				GENERATE_INFOPLIST_FILE = YES;
				IPHONEOS_DEPLOYMENT_TARGET = 16.2;
				MARKETING_VERSION = 1.0;
				PRODUCT_BUNDLE_IDENTIFIER = example.JeutaroTests;
				PRODUCT_NAME = "$(TARGET_NAME)";
				SWIFT_EMIT_LOC_STRINGS = NO;
				SWIFT_VERSION = 5.0;
				TARGETED_DEVICE_FAMILY = "1,2";
				TEST_HOST = "$(BUILT_PRODUCTS_DIR)/Jeutaro.app/$(BUNDLE_EXECUTABLE_FOLDER_PATH)/Jeutaro";
			};
			name = Release;
		};
		B71FF14F2D818FEF000425C3 /* Debug */ = {
			isa = XCBuildConfiguration;
			buildSettings = {
				ALWAYS_EMBED_SWIFT_STANDARD_LIBRARIES = YES;
				CODE_SIGN_STYLE = Automatic;
				CURRENT_PROJECT_VERSION = 1;
				GENERATE_INFOPLIST_FILE = YES;
				MARKETING_VERSION = 1.0;
				PRODUCT_BUNDLE_IDENTIFIER = example.JeutaroUITests;
				PRODUCT_NAME = "$(TARGET_NAME)";
				SWIFT_EMIT_LOC_STRINGS = NO;
				SWIFT_VERSION = 5.0;
				TARGETED_DEVICE_FAMILY = "1,2";
				TEST_TARGET_NAME = Jeutaro;
			};
			name = Debug;
		};
		B71FF1502D818FEF000425C3 /* Release */ = {
			isa = XCBuildConfiguration;
			buildSettings = {
				ALWAYS_EMBED_SWIFT_STANDARD_LIBRARIES = YES;
				CODE_SIGN_STYLE = Automatic;
				CURRENT_PROJECT_VERSION = 1;
				GENERATE_INFOPLIST_FILE = YES;
				MARKETING_VERSION = 1.0;
				PRODUCT_BUNDLE_IDENTIFIER = example.JeutaroUITests;
				PRODUCT_NAME = "$(TARGET_NAME)";
				SWIFT_EMIT_LOC_STRINGS = NO;
				SWIFT_VERSION = 5.0;
				TARGETED_DEVICE_FAMILY = "1,2";
				TEST_TARGET_NAME = Jeutaro;
			};
			name = Release;
		};
/* End XCBuildConfiguration section */

/* Begin XCConfigurationList section */
		B71FF11F2D818FED000425C3 /* Build configuration list for PBXProject "Jeutaro" */ = {
			isa = XCConfigurationList;
			buildConfigurations = (
				B71FF1462D818FEF000425C3 /* Debug */,
				B71FF1472D818FEF000425C3 /* Release */,
			);
			defaultConfigurationIsVisible = 0;
			defaultConfigurationName = Release;
		};
		B71FF1482D818FEF000425C3 /* Build configuration list for PBXNativeTarget "Jeutaro" */ = {
			isa = XCConfigurationList;
			buildConfigurations = (
				B71FF1492D818FEF000425C3 /* Debug */,
				B71FF14A2D818FEF000425C3 /* Release */,
			);
			defaultConfigurationIsVisible = 0;
			defaultConfigurationName = Release;
		};
		B71FF14B2D818FEF000425C3 /* Build configuration list for PBXNativeTarget "JeutaroTests" */ = {
			isa = XCConfigurationList;
			buildConfigurations = (
				B71FF14C2D818FEF000425C3 /* Debug */,
				B71FF14D2D818FEF000425C3 /* Release */,
			);
			defaultConfigurationIsVisible = 0;
			defaultConfigurationName = Release;
		};
		B71FF14E2D818FEF000425C3 /* Build configuration list for PBXNativeTarget "JeutaroUITests" */ = {
			isa = XCConfigurationList;
			buildConfigurations = (
				B71FF14F2D818FEF000425C3 /* Debug */,
				B71FF1502D818FEF000425C3 /* Release */,
			);
			defaultConfigurationIsVisible = 0;
			defaultConfigurationName = Release;
		};
/* End XCConfigurationList section */
	};
	rootObject = B71FF11C2D818FED000425C3 /* Project object */;
}
