// !$*UTF8*$!
{
	archiveVersion = 1;
	classes = {
	};
	objectVersion = 56;
	objects = {

/* Begin PBXBuildFile section */
		B71FF1282D818FED000425C3 /* JeutaroApp.swift in Sources */ = {isa = PBXBuildFile; fileRef = B71FF1272D818FED000425C3 /* JeutaroApp.swift */; };
		B71FF12A2D818FED000425C3 /* ContentView.swift in Sources */ = {isa = PBXBuildFile; fileRef = B71FF1292D818FED000425C3 /* ContentView.swift */; };
		B71FF12C2D818FEF000425C3 /* Assets.xcassets in Resources */ = {isa = PBXBuildFile; fileRef = B71FF12B2D818FEF000425C3 /* Assets.xcassets */; };
		B71FF12F2D818FEF000425C3 /* Preview Assets.xcassets in Resources */ = {isa = PBXBuildFile; fileRef = B71FF12E2D818FEF000425C3 /* Preview Assets.xcassets */; };
		B71FF1392D818FEF000425C3 /* JeutaroTests.swift in Sources */ = {isa = PBXBuildFile; fileRef = B71FF1382D818FEF000425C3 /* JeutaroTests.swift */; };
		B71FF1432D818FEF000425C3 /* JeutaroUITests.swift in Sources */ = {isa = PBXBuildFile; fileRef = B71FF1422D818FEF000425C3 /* JeutaroUITests.swift */; };
		B71FF1452D818FEF000425C3 /* JeutaroUITestsLaunchTests.swift in Sources */ = {isa = PBXBuildFile; fileRef = B71FF1442D818FEF000425C3 /* JeutaroUITestsLaunchTests.swift */; };
		B71FF1552D81A37D000425C3 /* NavigationSelectionView.swift in Sources */ = {isa = PBXBuildFile; fileRef = B71FF1542D81A37D000425C3 /* NavigationSelectionView.swift */; };
		B71FF1572D81A57F000425C3 /* ConnexionView.swift in Sources */ = {isa = PBXBuildFile; fileRef = B71FF1562D81A57F000425C3 /* ConnexionView.swift */; };
		B71FF1592D81A5A7000425C3 /* CatalogueView.swift in Sources */ = {isa = PBXBuildFile; fileRef = B71FF1582D81A5A7000425C3 /* CatalogueView.swift */; };
		B71FF15A2D81A5A7000425C3 /* CatalogueView.swift in Sources */ = {isa = PBXBuildFile; fileRef = B71FF1582D81A5A7000425C3 /* CatalogueView.swift */; };
		B71FF15B2D81A5A7000425C3 /* CatalogueView.swift in Sources */ = {isa = PBXBuildFile; fileRef = B71FF1582D81A5A7000425C3 /* CatalogueView.swift */; };
		B71FF15D2D81A5BC000425C3 /* SessionView.swift in Sources */ = {isa = PBXBuildFile; fileRef = B71FF15C2D81A5BC000425C3 /* SessionView.swift */; };
		B71FF15E2D81A5BC000425C3 /* SessionView.swift in Sources */ = {isa = PBXBuildFile; fileRef = B71FF15C2D81A5BC000425C3 /* SessionView.swift */; };
		B71FF15F2D81A5BC000425C3 /* SessionView.swift in Sources */ = {isa = PBXBuildFile; fileRef = B71FF15C2D81A5BC000425C3 /* SessionView.swift */; };
		B71FF1612D81A90A000425C3 /* Routeur.swift in Sources */ = {isa = PBXBuildFile; fileRef = B71FF1602D81A909000425C3 /* Routeur.swift */; };
		B71FF1622D81A90A000425C3 /* Routeur.swift in Sources */ = {isa = PBXBuildFile; fileRef = B71FF1602D81A909000425C3 /* Routeur.swift */; };
		B71FF1632D81A90A000425C3 /* Routeur.swift in Sources */ = {isa = PBXBuildFile; fileRef = B71FF1602D81A909000425C3 /* Routeur.swift */; };
		B71FF1652D82DC30000425C3 /* NavigationSelectionView.swift in Sources */ = {isa = PBXBuildFile; fileRef = B71FF1542D81A37D000425C3 /* NavigationSelectionView.swift */; };
		B71FF1662D82DC30000425C3 /* NavigationSelectionView.swift in Sources */ = {isa = PBXBuildFile; fileRef = B71FF1542D81A37D000425C3 /* NavigationSelectionView.swift */; };
		B71FF16A2D82E2CB000425C3 /* NavigationView.swift in Sources */ = {isa = PBXBuildFile; fileRef = B71FF1692D82E2CB000425C3 /* NavigationView.swift */; };
		B71FF16D2D82E822000425C3 /* DefineColor.swift in Sources */ = {isa = PBXBuildFile; fileRef = B71FF16C2D82E822000425C3 /* DefineColor.swift */; };
		B71FF16F2D8431FA000425C3 /* ButtonNavigation.swift in Sources */ = {isa = PBXBuildFile; fileRef = B71FF16E2D8431FA000425C3 /* ButtonNavigation.swift */; };
		B71FF1722D882D85000425C3 /* AuthService.swift in Sources */ = {isa = PBXBuildFile; fileRef = B71FF1712D882D85000425C3 /* AuthService.swift */; };
		B71FF1752D8839CE000425C3 /* User.swift in Sources */ = {isa = PBXBuildFile; fileRef = B71FF1742D8839CE000425C3 /* User.swift */; };
		B71FF1762D8839CE000425C3 /* User.swift in Sources */ = {isa = PBXBuildFile; fileRef = B71FF1742D8839CE000425C3 /* User.swift */; };
		B71FF17A2D886934000425C3 /* SignIn.swift in Sources */ = {isa = PBXBuildFile; fileRef = B71FF1792D886934000425C3 /* SignIn.swift */; };
		B71FF17C2D8875E7000425C3 /* AuthError.swift in Sources */ = {isa = PBXBuildFile; fileRef = B71FF17B2D8875E7000425C3 /* AuthError.swift */; };
		B71FF17E2D8878B4000425C3 /* UserLogin.swift in Sources */ = {isa = PBXBuildFile; fileRef = B71FF17D2D8878B4000425C3 /* UserLogin.swift */; };
		B71FF1812D8881BA000425C3 /* UserViewModel.swift in Sources */ = {isa = PBXBuildFile; fileRef = B71FF1802D8881BA000425C3 /* UserViewModel.swift */; };
		B71FF1832D8AC2A8000425C3 /* ConnexionSucessView.swift in Sources */ = {isa = PBXBuildFile; fileRef = B71FF1822D8AC2A8000425C3 /* ConnexionSucessView.swift */; };
		B71FF1842D8AC2A8000425C3 /* ConnexionSucessView.swift in Sources */ = {isa = PBXBuildFile; fileRef = B71FF1822D8AC2A8000425C3 /* ConnexionSucessView.swift */; };
		B71FF1862D8C267C000425C3 /* LoginResponse.swift in Sources */ = {isa = PBXBuildFile; fileRef = B71FF1852D8C267C000425C3 /* LoginResponse.swift */; };
		B71FF1892D8C3071000425C3 /* PageVendeurView.swift in Sources */ = {isa = PBXBuildFile; fileRef = B71FF1882D8C3071000425C3 /* PageVendeurView.swift */; };
		B71FF18A2D8C3071000425C3 /* PageVendeurView.swift in Sources */ = {isa = PBXBuildFile; fileRef = B71FF1882D8C3071000425C3 /* PageVendeurView.swift */; };
		B71FF18D2D8C3364000425C3 /* SelectionVendeurView.swift in Sources */ = {isa = PBXBuildFile; fileRef = B71FF18C2D8C3364000425C3 /* SelectionVendeurView.swift */; };
		B71FF18E2D8C3364000425C3 /* SelectionVendeurView.swift in Sources */ = {isa = PBXBuildFile; fileRef = B71FF18C2D8C3364000425C3 /* SelectionVendeurView.swift */; };
		B71FF1902D8C337B000425C3 /* ModificationVendeurView.swift in Sources */ = {isa = PBXBuildFile; fileRef = B71FF18F2D8C337B000425C3 /* ModificationVendeurView.swift */; };
		B71FF1912D8C337B000425C3 /* ModificationVendeurView.swift in Sources */ = {isa = PBXBuildFile; fileRef = B71FF18F2D8C337B000425C3 /* ModificationVendeurView.swift */; };
		B71FF1932D8C3505000425C3 /* VendeurViewModel.swift in Sources */ = {isa = PBXBuildFile; fileRef = B71FF1922D8C3505000425C3 /* VendeurViewModel.swift */; };
		B71FF1972D8C6667000425C3 /* VendeurService.swift in Sources */ = {isa = PBXBuildFile; fileRef = B71FF1962D8C6667000425C3 /* VendeurService.swift */; };
		B71FF19A2D8C6696000425C3 /* Vendeur.swift in Sources */ = {isa = PBXBuildFile; fileRef = B71FF1992D8C6696000425C3 /* Vendeur.swift */; };
		B71FF19C2D8C72AA000425C3 /* UniqueVendeurSelectionView.swift in Sources */ = {isa = PBXBuildFile; fileRef = B71FF19B2D8C72AA000425C3 /* UniqueVendeurSelectionView.swift */; };
		B71FF19E2D8DB543000425C3 /* URLSession.swift in Sources */ = {isa = PBXBuildFile; fileRef = B71FF19D2D8DB543000425C3 /* URLSession.swift */; };
		B71FF1A02D8DB5EF000425C3 /* CookieManager.swift in Sources */ = {isa = PBXBuildFile; fileRef = B71FF19F2D8DB5EF000425C3 /* CookieManager.swift */; };
		B71FF1A22D8DFB87000425C3 /* VendeurError.swift in Sources */ = {isa = PBXBuildFile; fileRef = B71FF1A12D8DFB87000425C3 /* VendeurError.swift */; };
		B71FF1A42D8E0026000425C3 /* SearchVendeurDto.swift in Sources */ = {isa = PBXBuildFile; fileRef = B71FF1A32D8E0026000425C3 /* SearchVendeurDto.swift */; };
		B71FF1A62D8E0B9A000425C3 /* GetVendeurDto.swift in Sources */ = {isa = PBXBuildFile; fileRef = B71FF1A52D8E0B9A000425C3 /* GetVendeurDto.swift */; };
		B71FF1A82D8E1BC2000425C3 /* CreateVendeurDto.swift in Sources */ = {isa = PBXBuildFile; fileRef = B71FF1A72D8E1BC2000425C3 /* CreateVendeurDto.swift */; };
		B71FF1AA2D8E1C26000425C3 /* UpdateVendeurDto.swift in Sources */ = {isa = PBXBuildFile; fileRef = B71FF1A92D8E1C26000425C3 /* UpdateVendeurDto.swift */; };
		B71FF1AD2D8F0F0F000425C3 /* EnregistrerDepotVIew.swift in Sources */ = {isa = PBXBuildFile; fileRef = B71FF1AC2D8F0F0F000425C3 /* EnregistrerDepotVIew.swift */; };
		B71FF1AE2D8F0F0F000425C3 /* EnregistrerDepotVIew.swift in Sources */ = {isa = PBXBuildFile; fileRef = B71FF1AC2D8F0F0F000425C3 /* EnregistrerDepotVIew.swift */; };
		B71FF1B12D8F0F80000425C3 /* Etat.swift in Sources */ = {isa = PBXBuildFile; fileRef = B71FF1B02D8F0F80000425C3 /* Etat.swift */; };
		B71FF1B22D8F0F80000425C3 /* Etat.swift in Sources */ = {isa = PBXBuildFile; fileRef = B71FF1B02D8F0F80000425C3 /* Etat.swift */; };
		B71FF1B62D8F17A9000425C3 /* JeuUnitaireService.swift in Sources */ = {isa = PBXBuildFile; fileRef = B71FF1B52D8F17A9000425C3 /* JeuUnitaireService.swift */; };
		B71FF1BA2D8F17E6000425C3 /* JeuxService.swift in Sources */ = {isa = PBXBuildFile; fileRef = B71FF1B92D8F17E6000425C3 /* JeuxService.swift */; };
		B71FF1BC2D8F182D000425C3 /* CreateJeuUnitaireDto.swift in Sources */ = {isa = PBXBuildFile; fileRef = B71FF1BB2D8F182D000425C3 /* CreateJeuUnitaireDto.swift */; };
		B71FF1BE2D8F1ACD000425C3 /* Statut.swift in Sources */ = {isa = PBXBuildFile; fileRef = B71FF1BD2D8F1ACD000425C3 /* Statut.swift */; };
		B71FF1C02D8F1BAC000425C3 /* JeuxViewModel.swift in Sources */ = {isa = PBXBuildFile; fileRef = B71FF1BF2D8F1BAC000425C3 /* JeuxViewModel.swift */; };
		B71FF1C22D8F1EC5000425C3 /* JeuUnitaire.swift in Sources */ = {isa = PBXBuildFile; fileRef = B71FF1C12D8F1EC5000425C3 /* JeuUnitaire.swift */; };
		B71FF1C42D8F1ECF000425C3 /* Jeux.swift in Sources */ = {isa = PBXBuildFile; fileRef = B71FF1C32D8F1ECE000425C3 /* Jeux.swift */; };
		B71FF1C62D8F2961000425C3 /* InfoJeuDBDto.swift in Sources */ = {isa = PBXBuildFile; fileRef = B71FF1C52D8F2961000425C3 /* InfoJeuDBDto.swift */; };
		B71FF1C82D8F2ECF000425C3 /* JeuUnitaireError.swift in Sources */ = {isa = PBXBuildFile; fileRef = B71FF1C72D8F2ECF000425C3 /* JeuUnitaireError.swift */; };
		B71FF1CA2D8F2EDB000425C3 /* JeuxError.swift in Sources */ = {isa = PBXBuildFile; fileRef = B71FF1C92D8F2EDB000425C3 /* JeuxError.swift */; };
		B76D96082D8F615E0092CAE7 /* EnregistrerAchatView.swift in Sources */ = {isa = PBXBuildFile; fileRef = B76D96072D8F615E0092CAE7 /* EnregistrerAchatView.swift */; };
		B76D96092D8F615E0092CAE7 /* EnregistrerAchatView.swift in Sources */ = {isa = PBXBuildFile; fileRef = B76D96072D8F615E0092CAE7 /* EnregistrerAchatView.swift */; };
		B76D960B2D8F633C0092CAE7 /* JeuUnitaireViewModel.swift in Sources */ = {isa = PBXBuildFile; fileRef = B76D960A2D8F633C0092CAE7 /* JeuUnitaireViewModel.swift */; };
		B76D960D2D8F64ED0092CAE7 /* InfoJeuUnitaireDisponibleDto.swift in Sources */ = {isa = PBXBuildFile; fileRef = B76D960C2D8F64ED0092CAE7 /* InfoJeuUnitaireDisponibleDto.swift */; };
		B76D960F2D9051FF0092CAE7 /* EnregistrerAchatDto.swift in Sources */ = {isa = PBXBuildFile; fileRef = B76D960E2D9051FF0092CAE7 /* EnregistrerAchatDto.swift */; };
		B76D96162D9065030092CAE7 /* EnregistrerRetraitView.swift in Sources */ = {isa = PBXBuildFile; fileRef = B76D96152D9065030092CAE7 /* EnregistrerRetraitView.swift */; };
		B76D96172D9065030092CAE7 /* EnregistrerRetraitView.swift in Sources */ = {isa = PBXBuildFile; fileRef = B76D96152D9065030092CAE7 /* EnregistrerRetraitView.swift */; };
		B76D96192D9068880092CAE7 /* RetraitViewModel.swift in Sources */ = {isa = PBXBuildFile; fileRef = B76D96182D9068880092CAE7 /* RetraitViewModel.swift */; };
		B76D961A2D9068880092CAE7 /* RetraitViewModel.swift in Sources */ = {isa = PBXBuildFile; fileRef = B76D96182D9068880092CAE7 /* RetraitViewModel.swift */; };
		B76D961C2D90B2790092CAE7 /* EnregistrerRetraitJeuArgentDto.swift in Sources */ = {isa = PBXBuildFile; fileRef = B76D961B2D90B2790092CAE7 /* EnregistrerRetraitJeuArgentDto.swift */; };
		B76D96232D90BE6D0092CAE7 /* PageGestionGestionnaireView.swift in Sources */ = {isa = PBXBuildFile; fileRef = B76D96222D90BE6D0092CAE7 /* PageGestionGestionnaireView.swift */; };
		B76D96272D90BEE50092CAE7 /* CreationGestionnaireView.swift in Sources */ = {isa = PBXBuildFile; fileRef = B76D96262D90BEE50092CAE7 /* CreationGestionnaireView.swift */; };
		B76D96282D90BEE50092CAE7 /* CreationGestionnaireView.swift in Sources */ = {isa = PBXBuildFile; fileRef = B76D96262D90BEE50092CAE7 /* CreationGestionnaireView.swift */; };
		B76D962A2D90BF040092CAE7 /* DeleteGestionnaire.swift in Sources */ = {isa = PBXBuildFile; fileRef = B76D96292D90BF040092CAE7 /* DeleteGestionnaire.swift */; };
		B76D962B2D90BF040092CAE7 /* DeleteGestionnaire.swift in Sources */ = {isa = PBXBuildFile; fileRef = B76D96292D90BF040092CAE7 /* DeleteGestionnaire.swift */; };
/* End PBXBuildFile section */

/* Begin PBXContainerItemProxy section */
		B71FF1352D818FEF000425C3 /* PBXContainerItemProxy */ = {
			isa = PBXContainerItemProxy;
			containerPortal = B71FF11C2D818FED000425C3 /* Project object */;
			proxyType = 1;
			remoteGlobalIDString = B71FF1232D818FED000425C3;
			remoteInfo = Jeutaro;
		};
		B71FF13F2D818FEF000425C3 /* PBXContainerItemProxy */ = {
			isa = PBXContainerItemProxy;
			containerPortal = B71FF11C2D818FED000425C3 /* Project object */;
			proxyType = 1;
			remoteGlobalIDString = B71FF1232D818FED000425C3;
			remoteInfo = Jeutaro;
		};
/* End PBXContainerItemProxy section */

/* Begin PBXFileReference section */
		B71FF1242D818FED000425C3 /* Jeutaro.app */ = {isa = PBXFileReference; explicitFileType = wrapper.application; includeInIndex = 0; path = Jeutaro.app; sourceTree = BUILT_PRODUCTS_DIR; };
		B71FF1272D818FED000425C3 /* JeutaroApp.swift */ = {isa = PBXFileReference; lastKnownFileType = sourcecode.swift; path = JeutaroApp.swift; sourceTree = "<group>"; };
		B71FF1292D818FED000425C3 /* ContentView.swift */ = {isa = PBXFileReference; lastKnownFileType = sourcecode.swift; path = ContentView.swift; sourceTree = "<group>"; };
		B71FF12B2D818FEF000425C3 /* Assets.xcassets */ = {isa = PBXFileReference; lastKnownFileType = folder.assetcatalog; path = Assets.xcassets; sourceTree = "<group>"; };
		B71FF12E2D818FEF000425C3 /* Preview Assets.xcassets */ = {isa = PBXFileReference; lastKnownFileType = folder.assetcatalog; path = "Preview Assets.xcassets"; sourceTree = "<group>"; };
		B71FF1342D818FEF000425C3 /* JeutaroTests.xctest */ = {isa = PBXFileReference; explicitFileType = wrapper.cfbundle; includeInIndex = 0; path = JeutaroTests.xctest; sourceTree = BUILT_PRODUCTS_DIR; };
		B71FF1382D818FEF000425C3 /* JeutaroTests.swift */ = {isa = PBXFileReference; lastKnownFileType = sourcecode.swift; path = JeutaroTests.swift; sourceTree = "<group>"; };
		B71FF13E2D818FEF000425C3 /* JeutaroUITests.xctest */ = {isa = PBXFileReference; explicitFileType = wrapper.cfbundle; includeInIndex = 0; path = JeutaroUITests.xctest; sourceTree = BUILT_PRODUCTS_DIR; };
		B71FF1422D818FEF000425C3 /* JeutaroUITests.swift */ = {isa = PBXFileReference; lastKnownFileType = sourcecode.swift; path = JeutaroUITests.swift; sourceTree = "<group>"; };
		B71FF1442D818FEF000425C3 /* JeutaroUITestsLaunchTests.swift */ = {isa = PBXFileReference; lastKnownFileType = sourcecode.swift; path = JeutaroUITestsLaunchTests.swift; sourceTree = "<group>"; };
		B71FF1542D81A37D000425C3 /* NavigationSelectionView.swift */ = {isa = PBXFileReference; lastKnownFileType = sourcecode.swift; path = NavigationSelectionView.swift; sourceTree = "<group>"; };
		B71FF1562D81A57F000425C3 /* ConnexionView.swift */ = {isa = PBXFileReference; lastKnownFileType = sourcecode.swift; path = ConnexionView.swift; sourceTree = "<group>"; };
		B71FF1582D81A5A7000425C3 /* CatalogueView.swift */ = {isa = PBXFileReference; lastKnownFileType = sourcecode.swift; path = CatalogueView.swift; sourceTree = "<group>"; };
		B71FF15C2D81A5BC000425C3 /* SessionView.swift */ = {isa = PBXFileReference; lastKnownFileType = sourcecode.swift; path = SessionView.swift; sourceTree = "<group>"; };
		B71FF1602D81A909000425C3 /* Routeur.swift */ = {isa = PBXFileReference; lastKnownFileType = sourcecode.swift; path = Routeur.swift; sourceTree = "<group>"; };
		B71FF1692D82E2CB000425C3 /* NavigationView.swift */ = {isa = PBXFileReference; lastKnownFileType = sourcecode.swift; path = NavigationView.swift; sourceTree = "<group>"; };
		B71FF16C2D82E822000425C3 /* DefineColor.swift */ = {isa = PBXFileReference; lastKnownFileType = sourcecode.swift; path = DefineColor.swift; sourceTree = "<group>"; };
		B71FF16E2D8431FA000425C3 /* ButtonNavigation.swift */ = {isa = PBXFileReference; lastKnownFileType = sourcecode.swift; path = ButtonNavigation.swift; sourceTree = "<group>"; };
		B71FF1712D882D85000425C3 /* AuthService.swift */ = {isa = PBXFileReference; lastKnownFileType = sourcecode.swift; path = AuthService.swift; sourceTree = "<group>"; };
		B71FF1742D8839CE000425C3 /* User.swift */ = {isa = PBXFileReference; lastKnownFileType = sourcecode.swift; path = User.swift; sourceTree = "<group>"; };
		B71FF1772D8840A5000425C3 /* Config.xcconfig */ = {isa = PBXFileReference; lastKnownFileType = text.xcconfig; path = Config.xcconfig; sourceTree = "<group>"; };
		B71FF1792D886934000425C3 /* SignIn.swift */ = {isa = PBXFileReference; lastKnownFileType = sourcecode.swift; path = SignIn.swift; sourceTree = "<group>"; };
		B71FF17B2D8875E7000425C3 /* AuthError.swift */ = {isa = PBXFileReference; lastKnownFileType = sourcecode.swift; path = AuthError.swift; sourceTree = "<group>"; };
		B71FF17D2D8878B4000425C3 /* UserLogin.swift */ = {isa = PBXFileReference; lastKnownFileType = sourcecode.swift; path = UserLogin.swift; sourceTree = "<group>"; };
		B71FF1802D8881BA000425C3 /* UserViewModel.swift */ = {isa = PBXFileReference; lastKnownFileType = sourcecode.swift; path = UserViewModel.swift; sourceTree = "<group>"; };
		B71FF1822D8AC2A8000425C3 /* ConnexionSucessView.swift */ = {isa = PBXFileReference; lastKnownFileType = sourcecode.swift; path = ConnexionSucessView.swift; sourceTree = "<group>"; };
		B71FF1852D8C267C000425C3 /* LoginResponse.swift */ = {isa = PBXFileReference; lastKnownFileType = sourcecode.swift; path = LoginResponse.swift; sourceTree = "<group>"; };
		B71FF1882D8C3071000425C3 /* PageVendeurView.swift */ = {isa = PBXFileReference; lastKnownFileType = sourcecode.swift; path = PageVendeurView.swift; sourceTree = "<group>"; };
		B71FF18C2D8C3364000425C3 /* SelectionVendeurView.swift */ = {isa = PBXFileReference; lastKnownFileType = sourcecode.swift; path = SelectionVendeurView.swift; sourceTree = "<group>"; };
		B71FF18F2D8C337B000425C3 /* ModificationVendeurView.swift */ = {isa = PBXFileReference; lastKnownFileType = sourcecode.swift; path = ModificationVendeurView.swift; sourceTree = "<group>"; };
		B71FF1922D8C3505000425C3 /* VendeurViewModel.swift */ = {isa = PBXFileReference; lastKnownFileType = sourcecode.swift; path = VendeurViewModel.swift; sourceTree = "<group>"; };
		B71FF1962D8C6667000425C3 /* VendeurService.swift */ = {isa = PBXFileReference; lastKnownFileType = sourcecode.swift; path = VendeurService.swift; sourceTree = "<group>"; };
		B71FF1992D8C6696000425C3 /* Vendeur.swift */ = {isa = PBXFileReference; lastKnownFileType = sourcecode.swift; path = Vendeur.swift; sourceTree = "<group>"; };
		B71FF19B2D8C72AA000425C3 /* UniqueVendeurSelectionView.swift */ = {isa = PBXFileReference; lastKnownFileType = sourcecode.swift; path = UniqueVendeurSelectionView.swift; sourceTree = "<group>"; };
		B71FF19D2D8DB543000425C3 /* URLSession.swift */ = {isa = PBXFileReference; lastKnownFileType = sourcecode.swift; path = URLSession.swift; sourceTree = "<group>"; };
		B71FF19F2D8DB5EF000425C3 /* CookieManager.swift */ = {isa = PBXFileReference; lastKnownFileType = sourcecode.swift; path = CookieManager.swift; sourceTree = "<group>"; };
		B71FF1A12D8DFB87000425C3 /* VendeurError.swift */ = {isa = PBXFileReference; lastKnownFileType = sourcecode.swift; path = VendeurError.swift; sourceTree = "<group>"; };
		B71FF1A32D8E0026000425C3 /* SearchVendeurDto.swift */ = {isa = PBXFileReference; lastKnownFileType = sourcecode.swift; path = SearchVendeurDto.swift; sourceTree = "<group>"; };
		B71FF1A52D8E0B9A000425C3 /* GetVendeurDto.swift */ = {isa = PBXFileReference; lastKnownFileType = sourcecode.swift; path = GetVendeurDto.swift; sourceTree = "<group>"; };
		B71FF1A72D8E1BC2000425C3 /* CreateVendeurDto.swift */ = {isa = PBXFileReference; lastKnownFileType = sourcecode.swift; path = CreateVendeurDto.swift; sourceTree = "<group>"; };
		B71FF1A92D8E1C26000425C3 /* UpdateVendeurDto.swift */ = {isa = PBXFileReference; lastKnownFileType = sourcecode.swift; path = UpdateVendeurDto.swift; sourceTree = "<group>"; };
		B71FF1AC2D8F0F0F000425C3 /* EnregistrerDepotVIew.swift */ = {isa = PBXFileReference; lastKnownFileType = sourcecode.swift; path = EnregistrerDepotVIew.swift; sourceTree = "<group>"; };
		B71FF1B02D8F0F80000425C3 /* Etat.swift */ = {isa = PBXFileReference; lastKnownFileType = sourcecode.swift; path = Etat.swift; sourceTree = "<group>"; };
		B71FF1B52D8F17A9000425C3 /* JeuUnitaireService.swift */ = {isa = PBXFileReference; lastKnownFileType = sourcecode.swift; path = JeuUnitaireService.swift; sourceTree = "<group>"; };
		B71FF1B92D8F17E6000425C3 /* JeuxService.swift */ = {isa = PBXFileReference; lastKnownFileType = sourcecode.swift; path = JeuxService.swift; sourceTree = "<group>"; };
		B71FF1BB2D8F182D000425C3 /* CreateJeuUnitaireDto.swift */ = {isa = PBXFileReference; lastKnownFileType = sourcecode.swift; path = CreateJeuUnitaireDto.swift; sourceTree = "<group>"; };
		B71FF1BD2D8F1ACD000425C3 /* Statut.swift */ = {isa = PBXFileReference; lastKnownFileType = sourcecode.swift; path = Statut.swift; sourceTree = "<group>"; };
		B71FF1BF2D8F1BAC000425C3 /* JeuxViewModel.swift */ = {isa = PBXFileReference; lastKnownFileType = sourcecode.swift; path = JeuxViewModel.swift; sourceTree = "<group>"; };
		B71FF1C12D8F1EC5000425C3 /* JeuUnitaire.swift */ = {isa = PBXFileReference; lastKnownFileType = sourcecode.swift; path = JeuUnitaire.swift; sourceTree = "<group>"; };
		B71FF1C32D8F1ECE000425C3 /* Jeux.swift */ = {isa = PBXFileReference; lastKnownFileType = sourcecode.swift; path = Jeux.swift; sourceTree = "<group>"; };
		B71FF1C52D8F2961000425C3 /* InfoJeuDBDto.swift */ = {isa = PBXFileReference; lastKnownFileType = sourcecode.swift; path = InfoJeuDBDto.swift; sourceTree = "<group>"; };
		B71FF1C72D8F2ECF000425C3 /* JeuUnitaireError.swift */ = {isa = PBXFileReference; lastKnownFileType = sourcecode.swift; path = JeuUnitaireError.swift; sourceTree = "<group>"; };
		B71FF1C92D8F2EDB000425C3 /* JeuxError.swift */ = {isa = PBXFileReference; lastKnownFileType = sourcecode.swift; path = JeuxError.swift; sourceTree = "<group>"; };
		B76D96072D8F615E0092CAE7 /* EnregistrerAchatView.swift */ = {isa = PBXFileReference; lastKnownFileType = sourcecode.swift; path = EnregistrerAchatView.swift; sourceTree = "<group>"; };
		B76D960A2D8F633C0092CAE7 /* JeuUnitaireViewModel.swift */ = {isa = PBXFileReference; lastKnownFileType = sourcecode.swift; path = JeuUnitaireViewModel.swift; sourceTree = "<group>"; };
		B76D960C2D8F64ED0092CAE7 /* InfoJeuUnitaireDisponibleDto.swift */ = {isa = PBXFileReference; lastKnownFileType = sourcecode.swift; path = InfoJeuUnitaireDisponibleDto.swift; sourceTree = "<group>"; };
		B76D960E2D9051FF0092CAE7 /* EnregistrerAchatDto.swift */ = {isa = PBXFileReference; lastKnownFileType = sourcecode.swift; path = EnregistrerAchatDto.swift; sourceTree = "<group>"; };
		B76D96152D9065030092CAE7 /* EnregistrerRetraitView.swift */ = {isa = PBXFileReference; lastKnownFileType = sourcecode.swift; path = EnregistrerRetraitView.swift; sourceTree = "<group>"; };
		B76D96182D9068880092CAE7 /* RetraitViewModel.swift */ = {isa = PBXFileReference; lastKnownFileType = sourcecode.swift; path = RetraitViewModel.swift; sourceTree = "<group>"; };
		B76D961B2D90B2790092CAE7 /* EnregistrerRetraitJeuArgentDto.swift */ = {isa = PBXFileReference; lastKnownFileType = sourcecode.swift; path = EnregistrerRetraitJeuArgentDto.swift; sourceTree = "<group>"; };
		B76D96222D90BE6D0092CAE7 /* PageGestionGestionnaireView.swift */ = {isa = PBXFileReference; lastKnownFileType = sourcecode.swift; path = PageGestionGestionnaireView.swift; sourceTree = "<group>"; };
		B76D96262D90BEE50092CAE7 /* CreationGestionnaireView.swift */ = {isa = PBXFileReference; lastKnownFileType = sourcecode.swift; path = CreationGestionnaireView.swift; sourceTree = "<group>"; };
		B76D96292D90BF040092CAE7 /* DeleteGestionnaire.swift */ = {isa = PBXFileReference; lastKnownFileType = sourcecode.swift; path = DeleteGestionnaire.swift; sourceTree = "<group>"; };
/* End PBXFileReference section */

/* Begin PBXFrameworksBuildPhase section */
		B71FF1212D818FED000425C3 /* Frameworks */ = {
			isa = PBXFrameworksBuildPhase;
			buildActionMask = 2147483647;
			files = (
			);
			runOnlyForDeploymentPostprocessing = 0;
		};
		B71FF1312D818FEF000425C3 /* Frameworks */ = {
			isa = PBXFrameworksBuildPhase;
			buildActionMask = 2147483647;
			files = (
			);
			runOnlyForDeploymentPostprocessing = 0;
		};
		B71FF13B2D818FEF000425C3 /* Frameworks */ = {
			isa = PBXFrameworksBuildPhase;
			buildActionMask = 2147483647;
			files = (
			);
			runOnlyForDeploymentPostprocessing = 0;
		};
/* End PBXFrameworksBuildPhase section */

/* Begin PBXGroup section */
		B71FF11B2D818FED000425C3 = {
			isa = PBXGroup;
			children = (
				B71FF1772D8840A5000425C3 /* Config.xcconfig */,
				B71FF1262D818FED000425C3 /* Jeutaro */,
				B71FF1372D818FEF000425C3 /* JeutaroTests */,
				B71FF1412D818FEF000425C3 /* JeutaroUITests */,
				B71FF1252D818FED000425C3 /* Products */,
			);
			sourceTree = "<group>";
		};
		B71FF1252D818FED000425C3 /* Products */ = {
			isa = PBXGroup;
			children = (
				B71FF1242D818FED000425C3 /* Jeutaro.app */,
				B71FF1342D818FEF000425C3 /* JeutaroTests.xctest */,
				B71FF13E2D818FEF000425C3 /* JeutaroUITests.xctest */,
			);
			name = Products;
			sourceTree = "<group>";
		};
		B71FF1262D818FED000425C3 /* Jeutaro */ = {
			isa = PBXGroup;
			children = (
				B71FF1702D882C43000425C3 /* Service */,
				B71FF16B2D82E80D000425C3 /* style */,
				B71FF1532D81A32D000425C3 /* Model */,
				B71FF1522D81A31F000425C3 /* ViewModel */,
				B71FF1512D81A311000425C3 /* View */,
				B71FF1272D818FED000425C3 /* JeutaroApp.swift */,
				B71FF1292D818FED000425C3 /* ContentView.swift */,
				B71FF12B2D818FEF000425C3 /* Assets.xcassets */,
				B71FF12D2D818FEF000425C3 /* Preview Content */,
			);
			path = Jeutaro;
			sourceTree = "<group>";
		};
		B71FF12D2D818FEF000425C3 /* Preview Content */ = {
			isa = PBXGroup;
			children = (
				B71FF12E2D818FEF000425C3 /* Preview Assets.xcassets */,
			);
			path = "Preview Content";
			sourceTree = "<group>";
		};
		B71FF1372D818FEF000425C3 /* JeutaroTests */ = {
			isa = PBXGroup;
			children = (
				B71FF1382D818FEF000425C3 /* JeutaroTests.swift */,
			);
			path = JeutaroTests;
			sourceTree = "<group>";
		};
		B71FF1412D818FEF000425C3 /* JeutaroUITests */ = {
			isa = PBXGroup;
			children = (
				B71FF1422D818FEF000425C3 /* JeutaroUITests.swift */,
				B71FF1442D818FEF000425C3 /* JeutaroUITestsLaunchTests.swift */,
			);
			path = JeutaroUITests;
			sourceTree = "<group>";
		};
		B71FF1512D81A311000425C3 /* View */ = {
			isa = PBXGroup;
			children = (
				B76D96212D90BE4B0092CAE7 /* GererGestionnaire */,
				B71FF1AB2D8F0EF1000425C3 /* GererJeu */,
				B71FF18B2D8C307A000425C3 /* GererVendeur */,
				B71FF1642D82DBFD000425C3 /* Navigation */,
				B71FF1562D81A57F000425C3 /* ConnexionView.swift */,
				B71FF1582D81A5A7000425C3 /* CatalogueView.swift */,
				B71FF15C2D81A5BC000425C3 /* SessionView.swift */,
				B71FF1822D8AC2A8000425C3 /* ConnexionSucessView.swift */,
			);
			path = View;
			sourceTree = "<group>";
		};
		B71FF1522D81A31F000425C3 /* ViewModel */ = {
			isa = PBXGroup;
			children = (
				B71FF1BF2D8F1BAC000425C3 /* JeuxViewModel.swift */,
				B71FF1802D8881BA000425C3 /* UserViewModel.swift */,
				B71FF1922D8C3505000425C3 /* VendeurViewModel.swift */,
				B76D960A2D8F633C0092CAE7 /* JeuUnitaireViewModel.swift */,
				B76D96182D9068880092CAE7 /* RetraitViewModel.swift */,
			);
			path = ViewModel;
			sourceTree = "<group>";
		};
		B71FF1532D81A32D000425C3 /* Model */ = {
			isa = PBXGroup;
			children = (
				B71FF1AF2D8F0F6E000425C3 /* enum */,
				B71FF1742D8839CE000425C3 /* User.swift */,
				B71FF1992D8C6696000425C3 /* Vendeur.swift */,
				B71FF1C12D8F1EC5000425C3 /* JeuUnitaire.swift */,
				B71FF1C32D8F1ECE000425C3 /* Jeux.swift */,
			);
			path = Model;
			sourceTree = "<group>";
		};
		B71FF1642D82DBFD000425C3 /* Navigation */ = {
			isa = PBXGroup;
			children = (
				B71FF1542D81A37D000425C3 /* NavigationSelectionView.swift */,
				B71FF1602D81A909000425C3 /* Routeur.swift */,
				B71FF1692D82E2CB000425C3 /* NavigationView.swift */,
				B71FF16E2D8431FA000425C3 /* ButtonNavigation.swift */,
			);
			path = Navigation;
			sourceTree = "<group>";
		};
		B71FF16B2D82E80D000425C3 /* style */ = {
			isa = PBXGroup;
			children = (
				B71FF16C2D82E822000425C3 /* DefineColor.swift */,
			);
			path = style;
			sourceTree = "<group>";
		};
		B71FF1702D882C43000425C3 /* Service */ = {
			isa = PBXGroup;
			children = (
				B71FF1B42D8F1793000425C3 /* Jeux */,
				B71FF1B32D8F1770000425C3 /* JeuUnitaire */,
				B71FF1952D8C6653000425C3 /* Vendeur */,
				B71FF17F2D887903000425C3 /* Authentification */,
				B71FF19D2D8DB543000425C3 /* URLSession.swift */,
				B71FF19F2D8DB5EF000425C3 /* CookieManager.swift */,
			);
			path = Service;
			sourceTree = "<group>";
		};
		B71FF1782D88691E000425C3 /* dto */ = {
			isa = PBXGroup;
			children = (
				B71FF1852D8C267C000425C3 /* LoginResponse.swift */,
				B71FF1792D886934000425C3 /* SignIn.swift */,
				B71FF17D2D8878B4000425C3 /* UserLogin.swift */,
			);
			path = dto;
			sourceTree = "<group>";
		};
		B71FF17F2D887903000425C3 /* Authentification */ = {
			isa = PBXGroup;
			children = (
				B71FF1782D88691E000425C3 /* dto */,
				B71FF1712D882D85000425C3 /* AuthService.swift */,
				B71FF17B2D8875E7000425C3 /* AuthError.swift */,
			);
			path = Authentification;
			sourceTree = "<group>";
		};
		B71FF18B2D8C307A000425C3 /* GererVendeur */ = {
			isa = PBXGroup;
			children = (
				B71FF1882D8C3071000425C3 /* PageVendeurView.swift */,
				B71FF18C2D8C3364000425C3 /* SelectionVendeurView.swift */,
				B71FF18F2D8C337B000425C3 /* ModificationVendeurView.swift */,
				B71FF19B2D8C72AA000425C3 /* UniqueVendeurSelectionView.swift */,
			);
			path = GererVendeur;
			sourceTree = "<group>";
		};
		B71FF1952D8C6653000425C3 /* Vendeur */ = {
			isa = PBXGroup;
			children = (
				B71FF1982D8C667F000425C3 /* dto */,
				B71FF1962D8C6667000425C3 /* VendeurService.swift */,
				B71FF1A12D8DFB87000425C3 /* VendeurError.swift */,
			);
			path = Vendeur;
			sourceTree = "<group>";
		};
		B71FF1982D8C667F000425C3 /* dto */ = {
			isa = PBXGroup;
			children = (
				B71FF1A32D8E0026000425C3 /* SearchVendeurDto.swift */,
				B71FF1A52D8E0B9A000425C3 /* GetVendeurDto.swift */,
				B71FF1A72D8E1BC2000425C3 /* CreateVendeurDto.swift */,
				B71FF1A92D8E1C26000425C3 /* UpdateVendeurDto.swift */,
			);
			path = dto;
			sourceTree = "<group>";
		};
		B71FF1AB2D8F0EF1000425C3 /* GererJeu */ = {
			isa = PBXGroup;
			children = (
				B71FF1AC2D8F0F0F000425C3 /* EnregistrerDepotVIew.swift */,
				B76D96072D8F615E0092CAE7 /* EnregistrerAchatView.swift */,
				B76D96152D9065030092CAE7 /* EnregistrerRetraitView.swift */,
			);
			path = GererJeu;
			sourceTree = "<group>";
		};
		B71FF1AF2D8F0F6E000425C3 /* enum */ = {
			isa = PBXGroup;
			children = (
				B71FF1B02D8F0F80000425C3 /* Etat.swift */,
				B71FF1BD2D8F1ACD000425C3 /* Statut.swift */,
			);
			path = enum;
			sourceTree = "<group>";
		};
		B71FF1B32D8F1770000425C3 /* JeuUnitaire */ = {
			isa = PBXGroup;
			children = (
				B71FF1B72D8F17B0000425C3 /* dto */,
				B71FF1B52D8F17A9000425C3 /* JeuUnitaireService.swift */,
				B71FF1C72D8F2ECF000425C3 /* JeuUnitaireError.swift */,
			);
			path = JeuUnitaire;
			sourceTree = "<group>";
		};
		B71FF1B42D8F1793000425C3 /* Jeux */ = {
			isa = PBXGroup;
			children = (
				B71FF1B82D8F17B6000425C3 /* dto */,
				B71FF1B92D8F17E6000425C3 /* JeuxService.swift */,
				B71FF1C92D8F2EDB000425C3 /* JeuxError.swift */,
			);
			path = Jeux;
			sourceTree = "<group>";
		};
		B71FF1B72D8F17B0000425C3 /* dto */ = {
			isa = PBXGroup;
			children = (
				B71FF1BB2D8F182D000425C3 /* CreateJeuUnitaireDto.swift */,
				B76D960C2D8F64ED0092CAE7 /* InfoJeuUnitaireDisponibleDto.swift */,
				B76D960E2D9051FF0092CAE7 /* EnregistrerAchatDto.swift */,
				B76D961B2D90B2790092CAE7 /* EnregistrerRetraitJeuArgentDto.swift */,
			);
			path = dto;
			sourceTree = "<group>";
		};
		B71FF1B82D8F17B6000425C3 /* dto */ = {
			isa = PBXGroup;
			children = (
				B71FF1C52D8F2961000425C3 /* InfoJeuDBDto.swift */,
			);
			path = dto;
			sourceTree = "<group>";
		};
		B76D96212D90BE4B0092CAE7 /* GererGestionnaire */ = {
			isa = PBXGroup;
			children = (
				B76D96222D90BE6D0092CAE7 /* PageGestionGestionnaireView.swift */,
				B76D96262D90BEE50092CAE7 /* CreationGestionnaireView.swift */,
				B76D96292D90BF040092CAE7 /* DeleteGestionnaire.swift */,
			);
			path = GererGestionnaire;
			sourceTree = "<group>";
		};
/* End PBXGroup section */

/* Begin PBXNativeTarget section */
		B71FF1232D818FED000425C3 /* Jeutaro */ = {
			isa = PBXNativeTarget;
			buildConfigurationList = B71FF1482D818FEF000425C3 /* Build configuration list for PBXNativeTarget "Jeutaro" */;
			buildPhases = (
				B71FF1202D818FED000425C3 /* Sources */,
				B71FF1212D818FED000425C3 /* Frameworks */,
				B71FF1222D818FED000425C3 /* Resources */,
			);
			buildRules = (
			);
			dependencies = (
			);
			name = Jeutaro;
			productName = Jeutaro;
			productReference = B71FF1242D818FED000425C3 /* Jeutaro.app */;
			productType = "com.apple.product-type.application";
		};
		B71FF1332D818FEF000425C3 /* JeutaroTests */ = {
			isa = PBXNativeTarget;
			buildConfigurationList = B71FF14B2D818FEF000425C3 /* Build configuration list for PBXNativeTarget "JeutaroTests" */;
			buildPhases = (
				B71FF1302D818FEF000425C3 /* Sources */,
				B71FF1312D818FEF000425C3 /* Frameworks */,
				B71FF1322D818FEF000425C3 /* Resources */,
			);
			buildRules = (
			);
			dependencies = (
				B71FF1362D818FEF000425C3 /* PBXTargetDependency */,
			);
			name = JeutaroTests;
			productName = JeutaroTests;
			productReference = B71FF1342D818FEF000425C3 /* JeutaroTests.xctest */;
			productType = "com.apple.product-type.bundle.unit-test";
		};
		B71FF13D2D818FEF000425C3 /* JeutaroUITests */ = {
			isa = PBXNativeTarget;
			buildConfigurationList = B71FF14E2D818FEF000425C3 /* Build configuration list for PBXNativeTarget "JeutaroUITests" */;
			buildPhases = (
				B71FF13A2D818FEF000425C3 /* Sources */,
				B71FF13B2D818FEF000425C3 /* Frameworks */,
				B71FF13C2D818FEF000425C3 /* Resources */,
			);
			buildRules = (
			);
			dependencies = (
				B71FF1402D818FEF000425C3 /* PBXTargetDependency */,
			);
			name = JeutaroUITests;
			productName = JeutaroUITests;
			productReference = B71FF13E2D818FEF000425C3 /* JeutaroUITests.xctest */;
			productType = "com.apple.product-type.bundle.ui-testing";
		};
/* End PBXNativeTarget section */

/* Begin PBXProject section */
		B71FF11C2D818FED000425C3 /* Project object */ = {
			isa = PBXProject;
			attributes = {
				BuildIndependentTargetsInParallel = 1;
				LastSwiftUpdateCheck = 1420;
				LastUpgradeCheck = 1420;
				TargetAttributes = {
					B71FF1232D818FED000425C3 = {
						CreatedOnToolsVersion = 14.2;
					};
					B71FF1332D818FEF000425C3 = {
						CreatedOnToolsVersion = 14.2;
						TestTargetID = B71FF1232D818FED000425C3;
					};
					B71FF13D2D818FEF000425C3 = {
						CreatedOnToolsVersion = 14.2;
						TestTargetID = B71FF1232D818FED000425C3;
					};
				};
			};
			buildConfigurationList = B71FF11F2D818FED000425C3 /* Build configuration list for PBXProject "Jeutaro" */;
			compatibilityVersion = "Xcode 14.0";
			developmentRegion = en;
			hasScannedForEncodings = 0;
			knownRegions = (
				en,
				Base,
			);
			mainGroup = B71FF11B2D818FED000425C3;
			productRefGroup = B71FF1252D818FED000425C3 /* Products */;
			projectDirPath = "";
			projectRoot = "";
			targets = (
				B71FF1232D818FED000425C3 /* Jeutaro */,
				B71FF1332D818FEF000425C3 /* JeutaroTests */,
				B71FF13D2D818FEF000425C3 /* JeutaroUITests */,
			);
		};
/* End PBXProject section */

/* Begin PBXResourcesBuildPhase section */
		B71FF1222D818FED000425C3 /* Resources */ = {
			isa = PBXResourcesBuildPhase;
			buildActionMask = 2147483647;
			files = (
				B71FF12F2D818FEF000425C3 /* Preview Assets.xcassets in Resources */,
				B71FF12C2D818FEF000425C3 /* Assets.xcassets in Resources */,
			);
			runOnlyForDeploymentPostprocessing = 0;
		};
		B71FF1322D818FEF000425C3 /* Resources */ = {
			isa = PBXResourcesBuildPhase;
			buildActionMask = 2147483647;
			files = (
			);
			runOnlyForDeploymentPostprocessing = 0;
		};
		B71FF13C2D818FEF000425C3 /* Resources */ = {
			isa = PBXResourcesBuildPhase;
			buildActionMask = 2147483647;
			files = (
			);
			runOnlyForDeploymentPostprocessing = 0;
		};
/* End PBXResourcesBuildPhase section */

/* Begin PBXSourcesBuildPhase section */
		B71FF1202D818FED000425C3 /* Sources */ = {
			isa = PBXSourcesBuildPhase;
			buildActionMask = 2147483647;
			files = (
				B71FF1CA2D8F2EDB000425C3 /* JeuxError.swift in Sources */,
				B71FF1A22D8DFB87000425C3 /* VendeurError.swift in Sources */,
				B76D960D2D8F64ED0092CAE7 /* InfoJeuUnitaireDisponibleDto.swift in Sources */,
				B71FF18D2D8C3364000425C3 /* SelectionVendeurView.swift in Sources */,
				B76D962A2D90BF040092CAE7 /* DeleteGestionnaire.swift in Sources */,
				B71FF1A62D8E0B9A000425C3 /* GetVendeurDto.swift in Sources */,
				B76D96272D90BEE50092CAE7 /* CreationGestionnaireView.swift in Sources */,
				B71FF1812D8881BA000425C3 /* UserViewModel.swift in Sources */,
				B76D960F2D9051FF0092CAE7 /* EnregistrerAchatDto.swift in Sources */,
				B71FF12A2D818FED000425C3 /* ContentView.swift in Sources */,
				B71FF1862D8C267C000425C3 /* LoginResponse.swift in Sources */,
				B71FF17A2D886934000425C3 /* SignIn.swift in Sources */,
				B76D96192D9068880092CAE7 /* RetraitViewModel.swift in Sources */,
				B71FF1612D81A90A000425C3 /* Routeur.swift in Sources */,
				B71FF16A2D82E2CB000425C3 /* NavigationView.swift in Sources */,
				B76D96162D9065030092CAE7 /* EnregistrerRetraitView.swift in Sources */,
				B71FF1C22D8F1EC5000425C3 /* JeuUnitaire.swift in Sources */,
				B71FF16F2D8431FA000425C3 /* ButtonNavigation.swift in Sources */,
				B71FF1A02D8DB5EF000425C3 /* CookieManager.swift in Sources */,
				B71FF19E2D8DB543000425C3 /* URLSession.swift in Sources */,
				B71FF1C42D8F1ECF000425C3 /* Jeux.swift in Sources */,
				B71FF1A42D8E0026000425C3 /* SearchVendeurDto.swift in Sources */,
				B71FF15D2D81A5BC000425C3 /* SessionView.swift in Sources */,
				B71FF19A2D8C6696000425C3 /* Vendeur.swift in Sources */,
				B71FF1902D8C337B000425C3 /* ModificationVendeurView.swift in Sources */,
				B71FF17C2D8875E7000425C3 /* AuthError.swift in Sources */,
				B71FF1722D882D85000425C3 /* AuthService.swift in Sources */,
				B71FF1552D81A37D000425C3 /* NavigationSelectionView.swift in Sources */,
				B76D96082D8F615E0092CAE7 /* EnregistrerAchatView.swift in Sources */,
				B71FF1C02D8F1BAC000425C3 /* JeuxViewModel.swift in Sources */,
				B76D960B2D8F633C0092CAE7 /* JeuUnitaireViewModel.swift in Sources */,
				B71FF1A82D8E1BC2000425C3 /* CreateVendeurDto.swift in Sources */,
				B76D96232D90BE6D0092CAE7 /* PageGestionGestionnaireView.swift in Sources */,
				B71FF1AA2D8E1C26000425C3 /* UpdateVendeurDto.swift in Sources */,
				B71FF1C62D8F2961000425C3 /* InfoJeuDBDto.swift in Sources */,
				B71FF1B12D8F0F80000425C3 /* Etat.swift in Sources */,
				B71FF1BC2D8F182D000425C3 /* CreateJeuUnitaireDto.swift in Sources */,
				B71FF1592D81A5A7000425C3 /* CatalogueView.swift in Sources */,
				B71FF1C82D8F2ECF000425C3 /* JeuUnitaireError.swift in Sources */,
				B71FF1832D8AC2A8000425C3 /* ConnexionSucessView.swift in Sources */,
				B71FF19C2D8C72AA000425C3 /* UniqueVendeurSelectionView.swift in Sources */,
				B71FF1752D8839CE000425C3 /* User.swift in Sources */,
				B71FF1932D8C3505000425C3 /* VendeurViewModel.swift in Sources */,
				B71FF1972D8C6667000425C3 /* VendeurService.swift in Sources */,
				B71FF1AD2D8F0F0F000425C3 /* EnregistrerDepotVIew.swift in Sources */,
				B76D961C2D90B2790092CAE7 /* EnregistrerRetraitJeuArgentDto.swift in Sources */,
				B71FF17E2D8878B4000425C3 /* UserLogin.swift in Sources */,
				B71FF1282D818FED000425C3 /* JeutaroApp.swift in Sources */,
				B71FF1572D81A57F000425C3 /* ConnexionView.swift in Sources */,
				B71FF1B62D8F17A9000425C3 /* JeuUnitaireService.swift in Sources */,
				B71FF1BA2D8F17E6000425C3 /* JeuxService.swift in Sources */,
				B71FF1892D8C3071000425C3 /* PageVendeurView.swift in Sources */,
				B71FF1BE2D8F1ACD000425C3 /* Statut.swift in Sources */,
				B71FF16D2D82E822000425C3 /* DefineColor.swift in Sources */,
			);
			runOnlyForDeploymentPostprocessing = 0;
		};
		B71FF1302D818FEF000425C3 /* Sources */ = {
			isa = PBXSourcesBuildPhase;
			buildActionMask = 2147483647;
			files = (
				B71FF15A2D81A5A7000425C3 /* CatalogueView.swift in Sources */,
				B71FF1622D81A90A000425C3 /* Routeur.swift in Sources */,
				B71FF1662D82DC30000425C3 /* NavigationSelectionView.swift in Sources */,
				B71FF15E2D81A5BC000425C3 /* SessionView.swift in Sources */,
				B71FF1392D818FEF000425C3 /* JeutaroTests.swift in Sources */,
				B71FF1762D8839CE000425C3 /* User.swift in Sources */,
			);
			runOnlyForDeploymentPostprocessing = 0;
		};
		B71FF13A2D818FEF000425C3 /* Sources */ = {
			isa = PBXSourcesBuildPhase;
			buildActionMask = 2147483647;
			files = (
				B76D961A2D9068880092CAE7 /* RetraitViewModel.swift in Sources */,
				B76D96282D90BEE50092CAE7 /* CreationGestionnaireView.swift in Sources */,
				B71FF1432D818FEF000425C3 /* JeutaroUITests.swift in Sources */,
				B71FF18A2D8C3071000425C3 /* PageVendeurView.swift in Sources */,
				B71FF1452D818FEF000425C3 /* JeutaroUITestsLaunchTests.swift in Sources */,
				B76D96092D8F615E0092CAE7 /* EnregistrerAchatView.swift in Sources */,
				B71FF1912D8C337B000425C3 /* ModificationVendeurView.swift in Sources */,
				B76D96172D9065030092CAE7 /* EnregistrerRetraitView.swift in Sources */,
				B71FF1632D81A90A000425C3 /* Routeur.swift in Sources */,
				B71FF1AE2D8F0F0F000425C3 /* EnregistrerDepotVIew.swift in Sources */,
				B76D962B2D90BF040092CAE7 /* DeleteGestionnaire.swift in Sources */,
				B71FF15B2D81A5A7000425C3 /* CatalogueView.swift in Sources */,
				B71FF1B22D8F0F80000425C3 /* Etat.swift in Sources */,
				B71FF1652D82DC30000425C3 /* NavigationSelectionView.swift in Sources */,
				B71FF1842D8AC2A8000425C3 /* ConnexionSucessView.swift in Sources */,
				B71FF18E2D8C3364000425C3 /* SelectionVendeurView.swift in Sources */,
				B71FF15F2D81A5BC000425C3 /* SessionView.swift in Sources */,
			);
			runOnlyForDeploymentPostprocessing = 0;
		};
/* End PBXSourcesBuildPhase section */

/* Begin PBXTargetDependency section */
		B71FF1362D818FEF000425C3 /* PBXTargetDependency */ = {
			isa = PBXTargetDependency;
			target = B71FF1232D818FED000425C3 /* Jeutaro */;
			targetProxy = B71FF1352D818FEF000425C3 /* PBXContainerItemProxy */;
		};
		B71FF1402D818FEF000425C3 /* PBXTargetDependency */ = {
			isa = PBXTargetDependency;
			target = B71FF1232D818FED000425C3 /* Jeutaro */;
			targetProxy = B71FF13F2D818FEF000425C3 /* PBXContainerItemProxy */;
		};
/* End PBXTargetDependency section */

/* Begin XCBuildConfiguration section */
		B71FF1462D818FEF000425C3 /* Debug */ = {
			isa = XCBuildConfiguration;
			baseConfigurationReference = B71FF1772D8840A5000425C3 /* Config.xcconfig */;
			buildSettings = {
				ALWAYS_SEARCH_USER_PATHS = NO;
				CLANG_ANALYZER_NONNULL = YES;
				CLANG_ANALYZER_NUMBER_OBJECT_CONVERSION = YES_AGGRESSIVE;
				CLANG_CXX_LANGUAGE_STANDARD = "gnu++20";
				CLANG_ENABLE_MODULES = YES;
				CLANG_ENABLE_OBJC_ARC = YES;
				CLANG_ENABLE_OBJC_WEAK = YES;
				CLANG_WARN_BLOCK_CAPTURE_AUTORELEASING = YES;
				CLANG_WARN_BOOL_CONVERSION = YES;
				CLANG_WARN_COMMA = YES;
				CLANG_WARN_CONSTANT_CONVERSION = YES;
				CLANG_WARN_DEPRECATED_OBJC_IMPLEMENTATIONS = YES;
				CLANG_WARN_DIRECT_OBJC_ISA_USAGE = YES_ERROR;
				CLANG_WARN_DOCUMENTATION_COMMENTS = YES;
				CLANG_WARN_EMPTY_BODY = YES;
				CLANG_WARN_ENUM_CONVERSION = YES;
				CLANG_WARN_INFINITE_RECURSION = YES;
				CLANG_WARN_INT_CONVERSION = YES;
				CLANG_WARN_NON_LITERAL_NULL_CONVERSION = YES;
				CLANG_WARN_OBJC_IMPLICIT_RETAIN_SELF = YES;
				CLANG_WARN_OBJC_LITERAL_CONVERSION = YES;
				CLANG_WARN_OBJC_ROOT_CLASS = YES_ERROR;
				CLANG_WARN_QUOTED_INCLUDE_IN_FRAMEWORK_HEADER = YES;
				CLANG_WARN_RANGE_LOOP_ANALYSIS = YES;
				CLANG_WARN_STRICT_PROTOTYPES = YES;
				CLANG_WARN_SUSPICIOUS_MOVE = YES;
				CLANG_WARN_UNGUARDED_AVAILABILITY = YES_AGGRESSIVE;
				CLANG_WARN_UNREACHABLE_CODE = YES;
				CLANG_WARN__DUPLICATE_METHOD_MATCH = YES;
				COPY_PHASE_STRIP = NO;
				DEBUG_INFORMATION_FORMAT = dwarf;
				ENABLE_STRICT_OBJC_MSGSEND = YES;
				ENABLE_TESTABILITY = YES;
				GCC_C_LANGUAGE_STANDARD = gnu11;
				GCC_DYNAMIC_NO_PIC = NO;
				GCC_NO_COMMON_BLOCKS = YES;
				GCC_OPTIMIZATION_LEVEL = 0;
				GCC_PREPROCESSOR_DEFINITIONS = (
					"DEBUG=1",
					"$(inherited)",
				);
				GCC_WARN_64_TO_32_BIT_CONVERSION = YES;
				GCC_WARN_ABOUT_RETURN_TYPE = YES_ERROR;
				GCC_WARN_UNDECLARED_SELECTOR = YES;
				GCC_WARN_UNINITIALIZED_AUTOS = YES_AGGRESSIVE;
				GCC_WARN_UNUSED_FUNCTION = YES;
				GCC_WARN_UNUSED_VARIABLE = YES;
				IPHONEOS_DEPLOYMENT_TARGET = 16.2;
				MTL_ENABLE_DEBUG_INFO = INCLUDE_SOURCE;
				MTL_FAST_MATH = YES;
				ONLY_ACTIVE_ARCH = YES;
				SDKROOT = iphoneos;
				SWIFT_ACTIVE_COMPILATION_CONDITIONS = DEBUG;
				SWIFT_OPTIMIZATION_LEVEL = "-Onone";
			};
			name = Debug;
		};
		B71FF1472D818FEF000425C3 /* Release */ = {
			isa = XCBuildConfiguration;
			baseConfigurationReference = B71FF1772D8840A5000425C3 /* Config.xcconfig */;
			buildSettings = {
				ALWAYS_SEARCH_USER_PATHS = NO;
				CLANG_ANALYZER_NONNULL = YES;
				CLANG_ANALYZER_NUMBER_OBJECT_CONVERSION = YES_AGGRESSIVE;
				CLANG_CXX_LANGUAGE_STANDARD = "gnu++20";
				CLANG_ENABLE_MODULES = YES;
				CLANG_ENABLE_OBJC_ARC = YES;
				CLANG_ENABLE_OBJC_WEAK = YES;
				CLANG_WARN_BLOCK_CAPTURE_AUTORELEASING = YES;
				CLANG_WARN_BOOL_CONVERSION = YES;
				CLANG_WARN_COMMA = YES;
				CLANG_WARN_CONSTANT_CONVERSION = YES;
				CLANG_WARN_DEPRECATED_OBJC_IMPLEMENTATIONS = YES;
				CLANG_WARN_DIRECT_OBJC_ISA_USAGE = YES_ERROR;
				CLANG_WARN_DOCUMENTATION_COMMENTS = YES;
				CLANG_WARN_EMPTY_BODY = YES;
				CLANG_WARN_ENUM_CONVERSION = YES;
				CLANG_WARN_INFINITE_RECURSION = YES;
				CLANG_WARN_INT_CONVERSION = YES;
				CLANG_WARN_NON_LITERAL_NULL_CONVERSION = YES;
				CLANG_WARN_OBJC_IMPLICIT_RETAIN_SELF = YES;
				CLANG_WARN_OBJC_LITERAL_CONVERSION = YES;
				CLANG_WARN_OBJC_ROOT_CLASS = YES_ERROR;
				CLANG_WARN_QUOTED_INCLUDE_IN_FRAMEWORK_HEADER = YES;
				CLANG_WARN_RANGE_LOOP_ANALYSIS = YES;
				CLANG_WARN_STRICT_PROTOTYPES = YES;
				CLANG_WARN_SUSPICIOUS_MOVE = YES;
				CLANG_WARN_UNGUARDED_AVAILABILITY = YES_AGGRESSIVE;
				CLANG_WARN_UNREACHABLE_CODE = YES;
				CLANG_WARN__DUPLICATE_METHOD_MATCH = YES;
				COPY_PHASE_STRIP = NO;
				DEBUG_INFORMATION_FORMAT = "dwarf-with-dsym";
				ENABLE_NS_ASSERTIONS = NO;
				ENABLE_STRICT_OBJC_MSGSEND = YES;
				GCC_C_LANGUAGE_STANDARD = gnu11;
				GCC_NO_COMMON_BLOCKS = YES;
				GCC_WARN_64_TO_32_BIT_CONVERSION = YES;
				GCC_WARN_ABOUT_RETURN_TYPE = YES_ERROR;
				GCC_WARN_UNDECLARED_SELECTOR = YES;
				GCC_WARN_UNINITIALIZED_AUTOS = YES_AGGRESSIVE;
				GCC_WARN_UNUSED_FUNCTION = YES;
				GCC_WARN_UNUSED_VARIABLE = YES;
				IPHONEOS_DEPLOYMENT_TARGET = 16.2;
				MTL_ENABLE_DEBUG_INFO = NO;
				MTL_FAST_MATH = YES;
				SDKROOT = iphoneos;
				SWIFT_COMPILATION_MODE = wholemodule;
				SWIFT_OPTIMIZATION_LEVEL = "-O";
				VALIDATE_PRODUCT = YES;
			};
			name = Release;
		};
		B71FF1492D818FEF000425C3 /* Debug */ = {
			isa = XCBuildConfiguration;
			baseConfigurationReference = B71FF1772D8840A5000425C3 /* Config.xcconfig */;
			buildSettings = {
				ASSETCATALOG_COMPILER_APPICON_NAME = AppIcon;
				ASSETCATALOG_COMPILER_GLOBAL_ACCENT_COLOR_NAME = AccentColor;
				CODE_SIGN_STYLE = Automatic;
				CURRENT_PROJECT_VERSION = 1;
				DEVELOPMENT_ASSET_PATHS = "\"Jeutaro/Preview Content\"";
				ENABLE_PREVIEWS = YES;
				GENERATE_INFOPLIST_FILE = YES;
				INFOPLIST_KEY_UIApplicationSceneManifest_Generation = YES;
				INFOPLIST_KEY_UIApplicationSupportsIndirectInputEvents = YES;
				INFOPLIST_KEY_UILaunchScreen_Generation = YES;
				INFOPLIST_KEY_UISupportedInterfaceOrientations_iPad = "UIInterfaceOrientationPortrait UIInterfaceOrientationPortraitUpsideDown UIInterfaceOrientationLandscapeLeft UIInterfaceOrientationLandscapeRight";
				INFOPLIST_KEY_UISupportedInterfaceOrientations_iPhone = "UIInterfaceOrientationPortrait UIInterfaceOrientationLandscapeLeft UIInterfaceOrientationLandscapeRight";
				LD_RUNPATH_SEARCH_PATHS = (
					"$(inherited)",
					"@executable_path/Frameworks",
				);
				MARKETING_VERSION = 1.0;
				PRODUCT_BUNDLE_IDENTIFIER = example.Jeutaro;
				PRODUCT_NAME = "$(TARGET_NAME)";
				SWIFT_EMIT_LOC_STRINGS = YES;
				SWIFT_VERSION = 5.0;
				TARGETED_DEVICE_FAMILY = "1,2";
			};
			name = Debug;
		};
		B71FF14A2D818FEF000425C3 /* Release */ = {
			isa = XCBuildConfiguration;
			baseConfigurationReference = B71FF1772D8840A5000425C3 /* Config.xcconfig */;
			buildSettings = {
				ASSETCATALOG_COMPILER_APPICON_NAME = AppIcon;
				ASSETCATALOG_COMPILER_GLOBAL_ACCENT_COLOR_NAME = AccentColor;
				CODE_SIGN_STYLE = Automatic;
				CURRENT_PROJECT_VERSION = 1;
				DEVELOPMENT_ASSET_PATHS = "\"Jeutaro/Preview Content\"";
				ENABLE_PREVIEWS = YES;
				GENERATE_INFOPLIST_FILE = YES;
				INFOPLIST_KEY_UIApplicationSceneManifest_Generation = YES;
				INFOPLIST_KEY_UIApplicationSupportsIndirectInputEvents = YES;
				INFOPLIST_KEY_UILaunchScreen_Generation = YES;
				INFOPLIST_KEY_UISupportedInterfaceOrientations_iPad = "UIInterfaceOrientationPortrait UIInterfaceOrientationPortraitUpsideDown UIInterfaceOrientationLandscapeLeft UIInterfaceOrientationLandscapeRight";
				INFOPLIST_KEY_UISupportedInterfaceOrientations_iPhone = "UIInterfaceOrientationPortrait UIInterfaceOrientationLandscapeLeft UIInterfaceOrientationLandscapeRight";
				LD_RUNPATH_SEARCH_PATHS = (
					"$(inherited)",
					"@executable_path/Frameworks",
				);
				MARKETING_VERSION = 1.0;
				PRODUCT_BUNDLE_IDENTIFIER = example.Jeutaro;
				PRODUCT_NAME = "$(TARGET_NAME)";
				SWIFT_EMIT_LOC_STRINGS = YES;
				SWIFT_VERSION = 5.0;
				TARGETED_DEVICE_FAMILY = "1,2";
			};
			name = Release;
		};
		B71FF14C2D818FEF000425C3 /* Debug */ = {
			isa = XCBuildConfiguration;
			buildSettings = {
				ALWAYS_EMBED_SWIFT_STANDARD_LIBRARIES = YES;
				BUNDLE_LOADER = "$(TEST_HOST)";
				CODE_SIGN_STYLE = Automatic;
				CURRENT_PROJECT_VERSION = 1;
				GENERATE_INFOPLIST_FILE = YES;
				IPHONEOS_DEPLOYMENT_TARGET = 16.2;
				MARKETING_VERSION = 1.0;
				PRODUCT_BUNDLE_IDENTIFIER = example.JeutaroTests;
				PRODUCT_NAME = "$(TARGET_NAME)";
				SWIFT_EMIT_LOC_STRINGS = NO;
				SWIFT_VERSION = 5.0;
				TARGETED_DEVICE_FAMILY = "1,2";
				TEST_HOST = "$(BUILT_PRODUCTS_DIR)/Jeutaro.app/$(BUNDLE_EXECUTABLE_FOLDER_PATH)/Jeutaro";
			};
			name = Debug;
		};
		B71FF14D2D818FEF000425C3 /* Release */ = {
			isa = XCBuildConfiguration;
			buildSettings = {
				ALWAYS_EMBED_SWIFT_STANDARD_LIBRARIES = YES;
				BUNDLE_LOADER = "$(TEST_HOST)";
				CODE_SIGN_STYLE = Automatic;
				CURRENT_PROJECT_VERSION = 1;
				GENERATE_INFOPLIST_FILE = YES;
				IPHONEOS_DEPLOYMENT_TARGET = 16.2;
				MARKETING_VERSION = 1.0;
				PRODUCT_BUNDLE_IDENTIFIER = example.JeutaroTests;
				PRODUCT_NAME = "$(TARGET_NAME)";
				SWIFT_EMIT_LOC_STRINGS = NO;
				SWIFT_VERSION = 5.0;
				TARGETED_DEVICE_FAMILY = "1,2";
				TEST_HOST = "$(BUILT_PRODUCTS_DIR)/Jeutaro.app/$(BUNDLE_EXECUTABLE_FOLDER_PATH)/Jeutaro";
			};
			name = Release;
		};
		B71FF14F2D818FEF000425C3 /* Debug */ = {
			isa = XCBuildConfiguration;
			buildSettings = {
				ALWAYS_EMBED_SWIFT_STANDARD_LIBRARIES = YES;
				CODE_SIGN_STYLE = Automatic;
				CURRENT_PROJECT_VERSION = 1;
				GENERATE_INFOPLIST_FILE = YES;
				MARKETING_VERSION = 1.0;
				PRODUCT_BUNDLE_IDENTIFIER = example.JeutaroUITests;
				PRODUCT_NAME = "$(TARGET_NAME)";
				SWIFT_EMIT_LOC_STRINGS = NO;
				SWIFT_VERSION = 5.0;
				TARGETED_DEVICE_FAMILY = "1,2";
				TEST_TARGET_NAME = Jeutaro;
			};
			name = Debug;
		};
		B71FF1502D818FEF000425C3 /* Release */ = {
			isa = XCBuildConfiguration;
			buildSettings = {
				ALWAYS_EMBED_SWIFT_STANDARD_LIBRARIES = YES;
				CODE_SIGN_STYLE = Automatic;
				CURRENT_PROJECT_VERSION = 1;
				GENERATE_INFOPLIST_FILE = YES;
				MARKETING_VERSION = 1.0;
				PRODUCT_BUNDLE_IDENTIFIER = example.JeutaroUITests;
				PRODUCT_NAME = "$(TARGET_NAME)";
				SWIFT_EMIT_LOC_STRINGS = NO;
				SWIFT_VERSION = 5.0;
				TARGETED_DEVICE_FAMILY = "1,2";
				TEST_TARGET_NAME = Jeutaro;
			};
			name = Release;
		};
/* End XCBuildConfiguration section */

/* Begin XCConfigurationList section */
		B71FF11F2D818FED000425C3 /* Build configuration list for PBXProject "Jeutaro" */ = {
			isa = XCConfigurationList;
			buildConfigurations = (
				B71FF1462D818FEF000425C3 /* Debug */,
				B71FF1472D818FEF000425C3 /* Release */,
			);
			defaultConfigurationIsVisible = 0;
			defaultConfigurationName = Release;
		};
		B71FF1482D818FEF000425C3 /* Build configuration list for PBXNativeTarget "Jeutaro" */ = {
			isa = XCConfigurationList;
			buildConfigurations = (
				B71FF1492D818FEF000425C3 /* Debug */,
				B71FF14A2D818FEF000425C3 /* Release */,
			);
			defaultConfigurationIsVisible = 0;
			defaultConfigurationName = Release;
		};
		B71FF14B2D818FEF000425C3 /* Build configuration list for PBXNativeTarget "JeutaroTests" */ = {
			isa = XCConfigurationList;
			buildConfigurations = (
				B71FF14C2D818FEF000425C3 /* Debug */,
				B71FF14D2D818FEF000425C3 /* Release */,
			);
			defaultConfigurationIsVisible = 0;
			defaultConfigurationName = Release;
		};
		B71FF14E2D818FEF000425C3 /* Build configuration list for PBXNativeTarget "JeutaroUITests" */ = {
			isa = XCConfigurationList;
			buildConfigurations = (
				B71FF14F2D818FEF000425C3 /* Debug */,
				B71FF1502D818FEF000425C3 /* Release */,
			);
			defaultConfigurationIsVisible = 0;
			defaultConfigurationName = Release;
		};
/* End XCConfigurationList section */
	};
	rootObject = B71FF11C2D818FED000425C3 /* Project object */;
}
